
Microsoft Visual Studio Solution File, Format Version 12.00
# Visual Studio Version 17
VisualStudioVersion = 17.12.35707.178
MinimumVisualStudioVersion = 10.0.40219.1
Project("{FAE04EC0-301F-11D3-BF4B-00C04F79EFBC}") = "GitHubManager", "GitHubManager\GitHubManager.csproj", "{0995BF88-2F2C-4D98-9F6F-08165CF63F30}"
EndProject
Project("{2150E333-8FDC-42A3-9474-1A3956D46DE8}") = "Solution Items", "Solution Items", "{7CE168AA-B50E-4B13-88E2-CEC975F67D59}"
	ProjectSection(SolutionItems) = preProject
		README.md = README.md
	EndProjectSection
EndProject
Project("{FAE04EC0-301F-11D3-BF4B-00C04F79EFBC}") = "xyLOGIX.Core.Debug", "..\xyLOGIX.Core.Debug.VS2019\xyLOGIX.Core.Debug\xyLOGIX.Core.Debug.csproj", "{C445C052-26B6-4884-9A7B-25DC7ABC0DED}"
EndProject
Project("{FAE04EC0-301F-11D3-BF4B-00C04F79EFBC}") = "xyLOGIX.Collections.Synchronized", "..\xyLOGIX.Collections.Synchronized.VS2019\xyLOGIX.Collections.Synchronized\xyLOGIX.Collections.Synchronized.csproj", "{33FD8195-DDE4-4245-9EDA-35836CAA40C5}"
EndProject
Project("{FAE04EC0-301F-11D3-BF4B-00C04F79EFBC}") = "xyLOGIX.Core.Extensions", "..\xyLOGIX.Core.Extensions.VS2019\xyLOGIX.Core.Extensions\xyLOGIX.Core.Extensions.csproj", "{5528D7FB-B88B-4E9D-9BBD-B6B6B893666A}"
EndProject
Project("{FAE04EC0-301F-11D3-BF4B-00C04F79EFBC}") = "xyLOGIX.Core.Extensions.Providers", "..\xyLOGIX.Core.Extensions.VS2019\xyLOGIX.Core.Extensions.Providers\xyLOGIX.Core.Extensions.Providers.csproj", "{EA03D76A-0A2F-4BDE-9690-92F82AF551D7}"
EndProject
Project("{FAE04EC0-301F-11D3-BF4B-00C04F79EFBC}") = "xyLOGIX.Core.Extensions.Providers.Factories", "..\xyLOGIX.Core.Extensions.VS2019\xyLOGIX.Core.Extensions.Providers.Factories\xyLOGIX.Core.Extensions.Providers.Factories.csproj", "{EA3A9AB0-6AFD-456D-BB58-F50E5C8001DD}"
EndProject
Project("{FAE04EC0-301F-11D3-BF4B-00C04F79EFBC}") = "xyLOGIX.Core.Extensions.Providers.Interfaces", "..\xyLOGIX.Core.Extensions.VS2019\xyLOGIX.Core.Extensions.Providers.Interfaces\xyLOGIX.Core.Extensions.Providers.Interfaces.csproj", "{1FF580E3-D9C2-48B7-917E-53C340BF16EC}"
EndProject
Project("{FAE04EC0-301F-11D3-BF4B-00C04F79EFBC}") = "xyLOGIX.Core.Assemblies.Info", "..\xyLOGIX.Core.Assemblies.Info.VS2019\xyLOGIX.Core.Assemblies.Info\xyLOGIX.Core.Assemblies.Info.csproj", "{1611C59B-1C1E-4F7C-A1CC-7F263DD31188}"
EndProject
Project("{FAE04EC0-301F-11D3-BF4B-00C04F79EFBC}") = "xyLOGIX.UI.Dark.Win32.Constants", "..\xyLOGIX.UI.Dark.VS2019\xyLOGIX.UI.Dark.Win32.Constants\xyLOGIX.UI.Dark.Win32.Constants.csproj", "{1B621CE5-6424-459D-8044-E7CC3CC5A9F2}"
EndProject
Project("{FAE04EC0-301F-11D3-BF4B-00C04F79EFBC}") = "xyLOGIX.UI.Dark.Win32", "..\xyLOGIX.UI.Dark.VS2019\xyLOGIX.UI.Dark.Win32\xyLOGIX.UI.Dark.Win32.csproj", "{D05762CE-79E2-4647-8AEB-BF3A0DF912EE}"
EndProject
Project("{FAE04EC0-301F-11D3-BF4B-00C04F79EFBC}") = "xyLOGIX.UI.Dark.Forms", "..\xyLOGIX.UI.Dark.VS2019\xyLOGIX.UI.Dark.Forms\xyLOGIX.UI.Dark.Forms.csproj", "{E88EC1DD-47DA-4EFF-A3C1-42E7A58E21AC}"
EndProject
Project("{FAE04EC0-301F-11D3-BF4B-00C04F79EFBC}") = "xyLOGIX.UI.Dark.Controls.Win32.Translators", "..\xyLOGIX.UI.Dark.VS2019\xyLOGIX.UI.Dark.Controls.Win32.Translators\xyLOGIX.UI.Dark.Controls.Win32.Translators.csproj", "{8680340C-9BBD-4E47-BFCE-5AE0EA93943B}"
EndProject
Project("{FAE04EC0-301F-11D3-BF4B-00C04F79EFBC}") = "xyLOGIX.UI.Dark.Controls.Win32.Constants", "..\xyLOGIX.UI.Dark.VS2019\xyLOGIX.UI.Dark.Controls.Win32.Constants\xyLOGIX.UI.Dark.Controls.Win32.Constants.csproj", "{0198C4D0-CEFE-4E45-9C31-2478BEFCA680}"
EndProject
Project("{FAE04EC0-301F-11D3-BF4B-00C04F79EFBC}") = "xyLOGIX.UI.Dark.Controls.Win32", "..\xyLOGIX.UI.Dark.VS2019\xyLOGIX.UI.Dark.Controls.Win32\xyLOGIX.UI.Dark.Controls.Win32.csproj", "{B30C2321-BBC4-41C3-BB4F-BEB237355B05}"
EndProject
Project("{FAE04EC0-301F-11D3-BF4B-00C04F79EFBC}") = "xyLOGIX.UI.Dark.Controls.States.Interfaces", "..\xyLOGIX.UI.Dark.VS2019\xyLOGIX.UI.Dark.Controls.States.Interfaces\xyLOGIX.UI.Dark.Controls.States.Interfaces.csproj", "{8F658841-D5BD-4A2D-AC9C-7BC139669D00}"
EndProject
Project("{FAE04EC0-301F-11D3-BF4B-00C04F79EFBC}") = "xyLOGIX.UI.Dark.Controls.States.Factories", "..\xyLOGIX.UI.Dark.VS2019\xyLOGIX.UI.Dark.Controls.States.Factories\xyLOGIX.UI.Dark.Controls.States.Factories.csproj", "{D9FEE2DE-881C-494F-9135-1D8266274BA8}"
EndProject
Project("{FAE04EC0-301F-11D3-BF4B-00C04F79EFBC}") = "xyLOGIX.UI.Dark.Controls.States.Events", "..\xyLOGIX.UI.Dark.VS2019\xyLOGIX.UI.Dark.Controls.States.Events\xyLOGIX.UI.Dark.Controls.States.Events.csproj", "{8CCD9A35-3D14-4A13-AD60-57132F43E9C4}"
EndProject
Project("{FAE04EC0-301F-11D3-BF4B-00C04F79EFBC}") = "xyLOGIX.UI.Dark.Controls.States.Constants", "..\xyLOGIX.UI.Dark.VS2019\xyLOGIX.UI.Dark.Controls.States.Constants\xyLOGIX.UI.Dark.Controls.States.Constants.csproj", "{87FB8B17-FE8E-4F2A-B159-9498CD207CA3}"
EndProject
Project("{FAE04EC0-301F-11D3-BF4B-00C04F79EFBC}") = "xyLOGIX.UI.Dark.Controls.States", "..\xyLOGIX.UI.Dark.VS2019\xyLOGIX.UI.Dark.Controls.States\xyLOGIX.UI.Dark.Controls.States.csproj", "{6B0F812F-58C1-4840-8195-A71BC2CD9A4B}"
EndProject
Project("{FAE04EC0-301F-11D3-BF4B-00C04F79EFBC}") = "xyLOGIX.UI.Dark.Controls.Renderers.Interfaces", "..\xyLOGIX.UI.Dark.VS2019\xyLOGIX.UI.Dark.Controls.Renderers.Interfaces\xyLOGIX.UI.Dark.Controls.Renderers.Interfaces.csproj", "{9670B5A5-3D99-4B0B-965D-3037DC1C3983}"
EndProject
Project("{FAE04EC0-301F-11D3-BF4B-00C04F79EFBC}") = "xyLOGIX.UI.Dark.Controls.Renderers.Factories", "..\xyLOGIX.UI.Dark.VS2019\xyLOGIX.UI.Dark.Controls.Renderers.Factories\xyLOGIX.UI.Dark.Controls.Renderers.Factories.csproj", "{9A8032FB-1A94-4E6A-9A2D-CE4AA8C39CC3}"
EndProject
Project("{FAE04EC0-301F-11D3-BF4B-00C04F79EFBC}") = "xyLOGIX.UI.Dark.Controls.Renderers.Actions", "..\xyLOGIX.UI.Dark.VS2019\xyLOGIX.UI.Dark.Controls.Renderers.Actions\xyLOGIX.UI.Dark.Controls.Renderers.Actions.csproj", "{E0EC09B0-A0E2-4D28-B98B-F7B218784123}"
EndProject
Project("{FAE04EC0-301F-11D3-BF4B-00C04F79EFBC}") = "xyLOGIX.UI.Dark.Controls.Renderers", "..\xyLOGIX.UI.Dark.VS2019\xyLOGIX.UI.Dark.Controls.Renderers\xyLOGIX.UI.Dark.Controls.Renderers.csproj", "{6B3E1D9D-830A-4D28-9AD7-E95CF46218B0}"
EndProject
Project("{FAE04EC0-301F-11D3-BF4B-00C04F79EFBC}") = "xyLOGIX.UI.Dark.Controls.Interfaces", "..\xyLOGIX.UI.Dark.VS2019\xyLOGIX.UI.Dark.Controls.Interfaces\xyLOGIX.UI.Dark.Controls.Interfaces.csproj", "{A63CA76D-B2B3-42F7-A6C3-78E980B4C629}"
EndProject
Project("{FAE04EC0-301F-11D3-BF4B-00C04F79EFBC}") = "xyLOGIX.UI.Dark.Controls.Icons", "..\xyLOGIX.UI.Dark.VS2019\xyLOGIX.UI.Dark.Controls.Icons\xyLOGIX.UI.Dark.Controls.Icons.csproj", "{D4F8CABC-167C-4CDA-9516-C0E18B4ACF52}"
EndProject
Project("{FAE04EC0-301F-11D3-BF4B-00C04F79EFBC}") = "xyLOGIX.UI.Dark.Controls.Factories", "..\xyLOGIX.UI.Dark.VS2019\xyLOGIX.UI.Dark.Controls.Factories\xyLOGIX.UI.Dark.Controls.Factories.csproj", "{30C27905-201D-4EA9-B714-8360DD24E74A}"
EndProject
Project("{FAE04EC0-301F-11D3-BF4B-00C04F79EFBC}") = "xyLOGIX.UI.Dark.Controls.Extensions", "..\xyLOGIX.UI.Dark.VS2019\xyLOGIX.UI.Dark.Controls.Extensions\xyLOGIX.UI.Dark.Controls.Extensions.csproj", "{C4044803-195B-43DE-93BC-9891695348FE}"
EndProject
Project("{FAE04EC0-301F-11D3-BF4B-00C04F79EFBC}") = "xyLOGIX.UI.Dark.Controls.Events", "..\xyLOGIX.UI.Dark.VS2019\xyLOGIX.UI.Dark.Controls.Events\xyLOGIX.UI.Dark.Controls.Events.csproj", "{D7F88717-5E46-49E8-9E82-62D31FE1ECB8}"
EndProject
Project("{FAE04EC0-301F-11D3-BF4B-00C04F79EFBC}") = "xyLOGIX.UI.Dark.Controls.Designers", "..\xyLOGIX.UI.Dark.VS2019\xyLOGIX.UI.Dark.Controls.Designers\xyLOGIX.UI.Dark.Controls.Designers.csproj", "{95BACE9A-CCD5-4B08-A902-3CD930F72088}"
EndProject
Project("{FAE04EC0-301F-11D3-BF4B-00C04F79EFBC}") = "xyLOGIX.UI.Dark.Controls.Constants", "..\xyLOGIX.UI.Dark.VS2019\xyLOGIX.UI.Dark.Controls.Constants\xyLOGIX.UI.Dark.Controls.Constants.csproj", "{C06BCCCA-01DB-4E59-8BA5-6941AE345A92}"
EndProject
Project("{FAE04EC0-301F-11D3-BF4B-00C04F79EFBC}") = "xyLOGIX.UI.Dark.Controls.Collections.Events", "..\xyLOGIX.UI.Dark.VS2019\xyLOGIX.UI.Dark.Controls.Collections.Events\xyLOGIX.UI.Dark.Controls.Collections.Events.csproj", "{260D9F6E-08BA-4A20-BD4C-FE3E208307EC}"
EndProject
Project("{FAE04EC0-301F-11D3-BF4B-00C04F79EFBC}") = "xyLOGIX.UI.Dark.Controls.Collections", "..\xyLOGIX.UI.Dark.VS2019\xyLOGIX.UI.Dark.Controls.Collections\xyLOGIX.UI.Dark.Controls.Collections.csproj", "{11917EE0-79F6-469B-ABD2-9FB078FE083E}"
EndProject
Project("{FAE04EC0-301F-11D3-BF4B-00C04F79EFBC}") = "xyLOGIX.UI.Dark.Controls.Actions", "..\xyLOGIX.UI.Dark.VS2019\xyLOGIX.UI.Dark.Controls.Actions\xyLOGIX.UI.Dark.Controls.Actions.csproj", "{78A87EAF-E342-4318-AB26-D44015633243}"
EndProject
Project("{FAE04EC0-301F-11D3-BF4B-00C04F79EFBC}") = "xyLOGIX.UI.Dark.Controls", "..\xyLOGIX.UI.Dark.VS2019\xyLOGIX.UI.Dark.Controls\xyLOGIX.UI.Dark.Controls.csproj", "{9190559B-FB22-4E74-9130-5BFD3FFD6DAE}"
EndProject
Project("{FAE04EC0-301F-11D3-BF4B-00C04F79EFBC}") = "xyLOGIX.UI.Dark.Collections.Interfaces", "..\xyLOGIX.UI.Dark.VS2019\xyLOGIX.UI.Dark.Collections.Interfaces\xyLOGIX.UI.Dark.Collections.Interfaces.csproj", "{BE12E205-8416-44C4-88E8-C6C3B2DE313A}"
EndProject
Project("{FAE04EC0-301F-11D3-BF4B-00C04F79EFBC}") = "xyLOGIX.UI.Dark.Collections.Events", "..\xyLOGIX.UI.Dark.VS2019\xyLOGIX.UI.Dark.Collections.Events\xyLOGIX.UI.Dark.Collections.Events.csproj", "{81FC6400-8C3C-4BE5-80A0-EE4A76973684}"
EndProject
Project("{FAE04EC0-301F-11D3-BF4B-00C04F79EFBC}") = "xyLOGIX.UI.Dark.Collections", "..\xyLOGIX.UI.Dark.VS2019\xyLOGIX.UI.Dark.Collections\xyLOGIX.UI.Dark.Collections.csproj", "{F1F9A9A7-047F-4ED6-83F0-6804C6CBB327}"
EndProject
Project("{FAE04EC0-301F-11D3-BF4B-00C04F79EFBC}") = "xyLOGIX.Win32.Constants", "..\xyLOGIX.Win32\xyLOGIX.Win32.Constants\xyLOGIX.Win32.Constants.csproj", "{D7602741-2E90-4DA1-BD26-3903672DC71E}"
EndProject
Project("{FAE04EC0-301F-11D3-BF4B-00C04F79EFBC}") = "xyLOGIX.Win32", "..\xyLOGIX.Win32\xyLOGIX.Win32\xyLOGIX.Win32.csproj", "{4598EF65-0986-42DF-87F6-801FC44E7711}"
EndProject
Project("{FAE04EC0-301F-11D3-BF4B-00C04F79EFBC}") = "xyLOGIX.Win32.Interact", "..\xyLOGIX.Win32.Interact.VS2019\xyLOGIX.Win32.Interact\xyLOGIX.Win32.Interact.csproj", "{4E11B5C7-823F-46B4-8E46-CCB2947DC2C7}"
EndProject
Project("{FAE04EC0-301F-11D3-BF4B-00C04F79EFBC}") = "xyLOGIX.Core.Dialogs.Progress.Interfaces", "..\xyLOGIX.Core.Dialogs.Progress.VS2019\xyLOGIX.Core.Dialogs.Progress.Interfaces\xyLOGIX.Core.Dialogs.Progress.Interfaces.csproj", "{DB9DF2A9-EC4D-4032-B9A5-16F2EE0AAC79}"
EndProject
Project("{FAE04EC0-301F-11D3-BF4B-00C04F79EFBC}") = "xyLOGIX.Core.Dialogs.Progress.Factories", "..\xyLOGIX.Core.Dialogs.Progress.VS2019\xyLOGIX.Core.Dialogs.Progress.Factories\xyLOGIX.Core.Dialogs.Progress.Factories.csproj", "{E3617D29-E193-46A6-B085-DB14448F24CF}"
EndProject
Project("{FAE04EC0-301F-11D3-BF4B-00C04F79EFBC}") = "xyLOGIX.Core.Dialogs.Progress.Events", "..\xyLOGIX.Core.Dialogs.Progress.VS2019\xyLOGIX.Core.Dialogs.Progress.Events\xyLOGIX.Core.Dialogs.Progress.Events.csproj", "{506DA070-E9AC-401B-AEC9-B413FF50164E}"
EndProject
Project("{FAE04EC0-301F-11D3-BF4B-00C04F79EFBC}") = "xyLOGIX.Core.Dialogs.Progress.Displayers", "..\xyLOGIX.Core.Dialogs.Progress.VS2019\xyLOGIX.Core.Dialogs.Progress.Displayers\xyLOGIX.Core.Dialogs.Progress.Displayers.csproj", "{8083DC25-5ED0-4BE3-9926-E1BA2242EB8B}"
EndProject
Project("{FAE04EC0-301F-11D3-BF4B-00C04F79EFBC}") = "xyLOGIX.Core.Dialogs.Progress", "..\xyLOGIX.Core.Dialogs.Progress.VS2019\xyLOGIX.Core.Dialogs.Progress\xyLOGIX.Core.Dialogs.Progress.csproj", "{58D2A34D-9078-4F13-82E3-88E3616C3A2D}"
EndProject
Project("{FAE04EC0-301F-11D3-BF4B-00C04F79EFBC}") = "GHM.Windows", "GHM.Windows\GHM.Windows.csproj", "{B6E5E45D-8321-478D-9EBC-1C3DD24FD385}"
EndProject
Project("{FAE04EC0-301F-11D3-BF4B-00C04F79EFBC}") = "GHM.Windows.Factories", "GHM.Windows.Factories\GHM.Windows.Factories.csproj", "{52FED57C-5949-445D-9AF0-DDE1932112A7}"
EndProject
Project("{FAE04EC0-301F-11D3-BF4B-00C04F79EFBC}") = "GHM.Windows.Interfaces", "GHM.Windows.Interfaces\GHM.Windows.Interfaces.csproj", "{1046F6BE-96F4-444F-8F9B-6623F7E4302E}"
EndProject
Project("{FAE04EC0-301F-11D3-BF4B-00C04F79EFBC}") = "GHM.Windows.Presenters", "GHM.Windows.Presenters\GHM.Windows.Presenters.csproj", "{06F53613-63C8-4482-AB58-749D92A08B86}"
EndProject
Project("{FAE04EC0-301F-11D3-BF4B-00C04F79EFBC}") = "GHM.Windows.Presenters.Factories", "GHM.Windows.Presenters.Factories\GHM.Windows.Presenters.Factories.csproj", "{E3BCD967-48C5-461D-B45E-92E9FB4F3C65}"
EndProject
Project("{FAE04EC0-301F-11D3-BF4B-00C04F79EFBC}") = "GHM.Windows.Presenters.Interfaces", "GHM.Windows.Presenters.Interfaces\GHM.Windows.Presenters.Interfaces.csproj", "{E062DA03-1D52-42D6-A1C2-46BF707317F2}"
EndProject
Project("{FAE04EC0-301F-11D3-BF4B-00C04F79EFBC}") = "GHM.Dialogs", "GHM.Dialogs\GHM.Dialogs.csproj", "{647358F9-85F3-416B-805B-F649E3B5CE7D}"
EndProject
Project("{FAE04EC0-301F-11D3-BF4B-00C04F79EFBC}") = "GHM.Dialogs.Factories", "GHM.Dialogs.Factories\GHM.Dialogs.Factories.csproj", "{46E8092B-E5FF-4B20-8381-CAD2A3CE199A}"
EndProject
Project("{FAE04EC0-301F-11D3-BF4B-00C04F79EFBC}") = "GHM.Dialogs.Interfaces", "GHM.Dialogs.Interfaces\GHM.Dialogs.Interfaces.csproj", "{11950D55-8FEC-4374-89BF-510C112D77C4}"
EndProject
Project("{FAE04EC0-301F-11D3-BF4B-00C04F79EFBC}") = "GHM.Dialogs.Presenters", "GHM.Dialogs.Presenters\GHM.Dialogs.Presenters.csproj", "{FC38B455-96C2-4C47-AE6E-911A296F59CE}"
EndProject
Project("{FAE04EC0-301F-11D3-BF4B-00C04F79EFBC}") = "GHM.Dialogs.Presenters.Factories", "GHM.Dialogs.Presenters.Factories\GHM.Dialogs.Presenters.Factories.csproj", "{9CD6DDB4-7132-4231-AFE0-427785263C64}"
EndProject
Project("{FAE04EC0-301F-11D3-BF4B-00C04F79EFBC}") = "GHM.Dialogs.Presenters.Interfaces", "GHM.Dialogs.Presenters.Interfaces\GHM.Dialogs.Presenters.Interfaces.csproj", "{6D56B9CC-AAD9-4A66-8F52-C3CA0DAF5BD9}"
EndProject
Project("{FAE04EC0-301F-11D3-BF4B-00C04F79EFBC}") = "GHM.Config.Converters", "GHM.Config.Converters\GHM.Config.Converters.csproj", "{F90ACCB0-9529-4A89-9924-48DE33E773EE}"
EndProject
Project("{FAE04EC0-301F-11D3-BF4B-00C04F79EFBC}") = "GHM.Config.Converters.Interfaces", "GHM.Config.Converters.Interfaces\GHM.Config.Converters.Interfaces.csproj", "{89A56F55-2545-4DAE-877C-9FB56E619A45}"
EndProject
Project("{FAE04EC0-301F-11D3-BF4B-00C04F79EFBC}") = "GHM.Config.Converters.Tests", "GHM.Config.Converters.Tests\GHM.Config.Converters.Tests.csproj", "{E91E99B2-EF51-451D-83D0-21205FB4224F}"
EndProject
Project("{FAE04EC0-301F-11D3-BF4B-00C04F79EFBC}") = "GHM.Config", "GHM.Config\GHM.Config.csproj", "{2D65F681-CA18-4155-8D4C-B7B81529081C}"
EndProject
Project("{FAE04EC0-301F-11D3-BF4B-00C04F79EFBC}") = "GHM.Config.Factories", "GHM.Config.Factories\GHM.Config.Factories.csproj", "{891CFB8F-1752-4641-BD11-661B67914930}"
EndProject
Project("{FAE04EC0-301F-11D3-BF4B-00C04F79EFBC}") = "GHM.Config.Interfaces", "GHM.Config.Interfaces\GHM.Config.Interfaces.csproj", "{15686B52-5426-418C-AB36-B35B729633E7}"
EndProject
Project("{FAE04EC0-301F-11D3-BF4B-00C04F79EFBC}") = "GHM.Config.Providers", "GHM.Config.Providers\GHM.Config.Providers.csproj", "{0193257B-0209-4373-8A70-1F845490A869}"
EndProject
Project("{FAE04EC0-301F-11D3-BF4B-00C04F79EFBC}") = "GHM.Config.Providers.Factories", "GHM.Config.Providers.Factories\GHM.Config.Providers.Factories.csproj", "{7F28798E-B8E1-4B89-87F4-D66502714C22}"
EndProject
Project("{FAE04EC0-301F-11D3-BF4B-00C04F79EFBC}") = "GHM.Config.Providers.Interfaces", "GHM.Config.Providers.Interfaces\GHM.Config.Providers.Interfaces.csproj", "{DDD70868-6DC9-49AA-96A0-84D40B4FA711}"
EndProject
Project("{FAE04EC0-301F-11D3-BF4B-00C04F79EFBC}") = "GHM.Dialogs.Helpers", "GHM.Dialogs.Helpers\GHM.Dialogs.Helpers.csproj", "{4116E2E8-369A-4198-A743-7EA97A4EC45D}"
EndProject
Project("{FAE04EC0-301F-11D3-BF4B-00C04F79EFBC}") = "xyLOGIX.OAuth.GitHub.Tests", "..\xyLOGIX.OAuth.GitHub\xyLOGIX.OAuth.GitHub.Tests\xyLOGIX.OAuth.GitHub.Tests.csproj", "{916E9584-4740-43DF-99DF-BF0FB6F2C39F}"
EndProject
Project("{FAE04EC0-301F-11D3-BF4B-00C04F79EFBC}") = "xyLOGIX.OAuth.GitHub.Interfaces", "..\xyLOGIX.OAuth.GitHub\xyLOGIX.OAuth.GitHub.Interfaces\xyLOGIX.OAuth.GitHub.Interfaces.csproj", "{1585D88B-E073-42BF-90C7-E6C1F07392D6}"
EndProject
Project("{FAE04EC0-301F-11D3-BF4B-00C04F79EFBC}") = "xyLOGIX.OAuth.GitHub.Factories", "..\xyLOGIX.OAuth.GitHub\xyLOGIX.OAuth.GitHub.Factories\xyLOGIX.OAuth.GitHub.Factories.csproj", "{135A8FB0-DF86-4575-B2A2-1746B7C1650E}"
EndProject
Project("{FAE04EC0-301F-11D3-BF4B-00C04F79EFBC}") = "xyLOGIX.OAuth.GitHub.Events", "..\xyLOGIX.OAuth.GitHub\xyLOGIX.OAuth.GitHub.Events\xyLOGIX.OAuth.GitHub.Events.csproj", "{AC27A997-FB38-4BBE-A9BF-E55DBAF0BF77}"
EndProject
Project("{FAE04EC0-301F-11D3-BF4B-00C04F79EFBC}") = "xyLOGIX.OAuth.GitHub.Constants", "..\xyLOGIX.OAuth.GitHub\xyLOGIX.OAuth.GitHub.Constants\xyLOGIX.OAuth.GitHub.Constants.csproj", "{569EA841-AA2C-4B8C-8D3A-647EDF57322D}"
EndProject
Project("{FAE04EC0-301F-11D3-BF4B-00C04F79EFBC}") = "xyLOGIX.OAuth.GitHub.Actions", "..\xyLOGIX.OAuth.GitHub\xyLOGIX.OAuth.GitHub.Actions\xyLOGIX.OAuth.GitHub.Actions.csproj", "{1C05A69F-AD75-4CAD-973F-058D0ECB515D}"
EndProject
Project("{FAE04EC0-301F-11D3-BF4B-00C04F79EFBC}") = "xyLOGIX.OAuth.GitHub", "..\xyLOGIX.OAuth.GitHub\xyLOGIX.OAuth.GitHub\xyLOGIX.OAuth.GitHub.csproj", "{50E1E3A3-8BE0-4EF6-BD68-C5317A68B1BD}"
EndProject
Project("{FAE04EC0-301F-11D3-BF4B-00C04F79EFBC}") = "xyLOGIX.OAuth.GitHub.Models.Interfaces", "..\xyLOGIX.OAuth.GitHub\xyLOGIX.OAuth.GitHub.Models.Interfaces\xyLOGIX.OAuth.GitHub.Models.Interfaces.csproj", "{E85E5BD6-BD2D-4A76-9E61-101DB951E116}"
EndProject
Project("{FAE04EC0-301F-11D3-BF4B-00C04F79EFBC}") = "xyLOGIX.OAuth.GitHub.Models.Factories", "..\xyLOGIX.OAuth.GitHub\xyLOGIX.OAuth.GitHub.Models.Factories\xyLOGIX.OAuth.GitHub.Models.Factories.csproj", "{7355D49B-28C4-4C23-AA11-A29E55DB68FA}"
EndProject
Project("{FAE04EC0-301F-11D3-BF4B-00C04F79EFBC}") = "xyLOGIX.OAuth.GitHub.Models", "..\xyLOGIX.OAuth.GitHub\xyLOGIX.OAuth.GitHub.Models\xyLOGIX.OAuth.GitHub.Models.csproj", "{4966140B-48D3-408F-BC94-764B2057295A}"
EndProject
Project("{FAE04EC0-301F-11D3-BF4B-00C04F79EFBC}") = "xyLOGIX.OAuth.GitHub.LoginInfo.Interfaces", "..\xyLOGIX.OAuth.GitHub\xyLOGIX.OAuth.GitHub.LoginInfo.Interfaces\xyLOGIX.OAuth.GitHub.LoginInfo.Interfaces.csproj", "{8CE5050B-796D-4C9E-ADD4-023F6A18A0D9}"
EndProject
Project("{FAE04EC0-301F-11D3-BF4B-00C04F79EFBC}") = "xyLOGIX.OAuth.GitHub.LoginInfo.Factories", "..\xyLOGIX.OAuth.GitHub\xyLOGIX.OAuth.GitHub.LoginInfo.Factories\xyLOGIX.OAuth.GitHub.LoginInfo.Factories.csproj", "{C6EDFC8D-0CF3-4596-8244-364B7DFA8B17}"
EndProject
Project("{FAE04EC0-301F-11D3-BF4B-00C04F79EFBC}") = "xyLOGIX.OAuth.GitHub.LoginInfo", "..\xyLOGIX.OAuth.GitHub\xyLOGIX.OAuth.GitHub.LoginInfo\xyLOGIX.OAuth.GitHub.LoginInfo.csproj", "{904BC65F-5B86-40B1-B4DC-7FCCBEC73A18}"
EndProject
Project("{FAE04EC0-301F-11D3-BF4B-00C04F79EFBC}") = "xyLOGIX.OAUth.GitHub.Helpers", "..\xyLOGIX.OAuth.GitHub\xyLOGIX.OAUth.GitHub.Helpers\xyLOGIX.OAUth.GitHub.Helpers.csproj", "{C8B96F51-9685-4935-B7ED-A5EFE1441581}"
EndProject
Project("{FAE04EC0-301F-11D3-BF4B-00C04F79EFBC}") = "xyLOGIX.OAuth.GitHub.Servers.Interfaces", "..\xyLOGIX.OAuth.GitHub\xyLOGIX.OAuth.GitHub.Servers.Interfaces\xyLOGIX.OAuth.GitHub.Servers.Interfaces.csproj", "{C53C9FC7-DFB8-4243-BEBB-4CADA5E7EA15}"
EndProject
Project("{FAE04EC0-301F-11D3-BF4B-00C04F79EFBC}") = "xyLOGIX.OAuth.GitHub.Servers.Factories", "..\xyLOGIX.OAuth.GitHub\xyLOGIX.OAuth.GitHub.Servers.Factories\xyLOGIX.OAuth.GitHub.Servers.Factories.csproj", "{AB2DA9CF-B630-473E-B005-12A56996A34A}"
EndProject
Project("{FAE04EC0-301F-11D3-BF4B-00C04F79EFBC}") = "xyLOGIX.OAuth.GitHub.Servers.Events", "..\xyLOGIX.OAuth.GitHub\xyLOGIX.OAuth.GitHub.Servers.Events\xyLOGIX.OAuth.GitHub.Servers.Events.csproj", "{1E9DD286-EBDF-4716-886E-C946D09B98D3}"
EndProject
Project("{FAE04EC0-301F-11D3-BF4B-00C04F79EFBC}") = "xyLOGIX.OAuth.GitHub.Servers.Constants", "..\xyLOGIX.OAuth.GitHub\xyLOGIX.OAuth.GitHub.Servers.Constants\xyLOGIX.OAuth.GitHub.Servers.Constants.csproj", "{E8873D95-C86E-4231-9D86-857ABEA10DE5}"
EndProject
Project("{FAE04EC0-301F-11D3-BF4B-00C04F79EFBC}") = "xyLOGIX.OAuth.GitHub.Servers", "..\xyLOGIX.OAuth.GitHub\xyLOGIX.OAuth.GitHub.Servers\xyLOGIX.OAuth.GitHub.Servers.csproj", "{AB68DBFB-CB2A-4688-9AC3-F907058C21A5}"
EndProject
Project("{FAE04EC0-301F-11D3-BF4B-00C04F79EFBC}") = "xyLOGIX.OAuth.GitHub.Servers.Models.Interfaces", "..\xyLOGIX.OAuth.GitHub\xyLOGIX.OAuth.GitHub.Servers.Models.Interfaces\xyLOGIX.OAuth.GitHub.Servers.Models.Interfaces.csproj", "{FDDFFF6F-3FF5-4A76-A97D-6C3AFF3E8AA8}"
EndProject
Project("{FAE04EC0-301F-11D3-BF4B-00C04F79EFBC}") = "xyLOGIX.OAuth.GitHub.Servers.Models.Factories", "..\xyLOGIX.OAuth.GitHub\xyLOGIX.OAuth.GitHub.Servers.Models.Factories\xyLOGIX.OAuth.GitHub.Servers.Models.Factories.csproj", "{1BA1D9B3-6127-4F93-A763-7661CD809B3F}"
EndProject
Project("{FAE04EC0-301F-11D3-BF4B-00C04F79EFBC}") = "xyLOGIX.OAuth.GitHub.Servers.Models", "..\xyLOGIX.OAuth.GitHub\xyLOGIX.OAuth.GitHub.Servers.Models\xyLOGIX.OAuth.GitHub.Servers.Models.csproj", "{B8104D3A-83AC-4E57-94C9-79408C437B53}"
EndProject
Project("{FAE04EC0-301F-11D3-BF4B-00C04F79EFBC}") = "xyLOGIX.Files.Actions.Constants", "..\xyLOGIX.Files.Actions.VS2019\xyLOGIX.Files.Actions.Constants\xyLOGIX.Files.Actions.Constants.csproj", "{F4419217-55C2-4716-8F0A-4C6E3A28BEEB}"
EndProject
Project("{FAE04EC0-301F-11D3-BF4B-00C04F79EFBC}") = "xyLOGIX.Files.Actions", "..\xyLOGIX.Files.Actions.VS2019\xyLOGIX.Files.Actions\xyLOGIX.Files.Actions.csproj", "{432D8885-E3AC-4A66-A99A-1A556B6BE3FC}"
EndProject
Global
	GlobalSection(SolutionConfigurationPlatforms) = preSolution
		Debug|x64 = Debug|x64
		Debug|x86 = Debug|x86
		Release|x64 = Release|x64
		Release|x86 = Release|x86
	EndGlobalSection
	GlobalSection(ProjectConfigurationPlatforms) = postSolution
		{0995BF88-2F2C-4D98-9F6F-08165CF63F30}.Debug|x64.ActiveCfg = Debug|x64
		{0995BF88-2F2C-4D98-9F6F-08165CF63F30}.Debug|x64.Build.0 = Debug|x64
		{0995BF88-2F2C-4D98-9F6F-08165CF63F30}.Debug|x86.ActiveCfg = Debug|x86
		{0995BF88-2F2C-4D98-9F6F-08165CF63F30}.Debug|x86.Build.0 = Debug|x86
		{0995BF88-2F2C-4D98-9F6F-08165CF63F30}.Release|x64.ActiveCfg = Release|x64
		{0995BF88-2F2C-4D98-9F6F-08165CF63F30}.Release|x64.Build.0 = Release|x64
		{0995BF88-2F2C-4D98-9F6F-08165CF63F30}.Release|x86.ActiveCfg = Release|x86
		{0995BF88-2F2C-4D98-9F6F-08165CF63F30}.Release|x86.Build.0 = Release|x86
		{C445C052-26B6-4884-9A7B-25DC7ABC0DED}.Debug|x64.ActiveCfg = Debug|x64
		{C445C052-26B6-4884-9A7B-25DC7ABC0DED}.Debug|x64.Build.0 = Debug|x64
		{C445C052-26B6-4884-9A7B-25DC7ABC0DED}.Debug|x86.ActiveCfg = Debug|x86
		{C445C052-26B6-4884-9A7B-25DC7ABC0DED}.Debug|x86.Build.0 = Debug|x86
		{C445C052-26B6-4884-9A7B-25DC7ABC0DED}.Release|x64.ActiveCfg = Release|x64
		{C445C052-26B6-4884-9A7B-25DC7ABC0DED}.Release|x64.Build.0 = Release|x64
		{C445C052-26B6-4884-9A7B-25DC7ABC0DED}.Release|x86.ActiveCfg = Release|x86
		{C445C052-26B6-4884-9A7B-25DC7ABC0DED}.Release|x86.Build.0 = Release|x86
		{33FD8195-DDE4-4245-9EDA-35836CAA40C5}.Debug|x64.ActiveCfg = Debug|x64
		{33FD8195-DDE4-4245-9EDA-35836CAA40C5}.Debug|x64.Build.0 = Debug|x64
		{33FD8195-DDE4-4245-9EDA-35836CAA40C5}.Debug|x86.ActiveCfg = Debug|x86
		{33FD8195-DDE4-4245-9EDA-35836CAA40C5}.Debug|x86.Build.0 = Debug|x86
		{33FD8195-DDE4-4245-9EDA-35836CAA40C5}.Release|x64.ActiveCfg = Release|x64
		{33FD8195-DDE4-4245-9EDA-35836CAA40C5}.Release|x64.Build.0 = Release|x64
		{33FD8195-DDE4-4245-9EDA-35836CAA40C5}.Release|x86.ActiveCfg = Release|x86
		{33FD8195-DDE4-4245-9EDA-35836CAA40C5}.Release|x86.Build.0 = Release|x86
		{5528D7FB-B88B-4E9D-9BBD-B6B6B893666A}.Debug|x64.ActiveCfg = Debug|x64
		{5528D7FB-B88B-4E9D-9BBD-B6B6B893666A}.Debug|x64.Build.0 = Debug|x64
		{5528D7FB-B88B-4E9D-9BBD-B6B6B893666A}.Debug|x86.ActiveCfg = Debug|x86
		{5528D7FB-B88B-4E9D-9BBD-B6B6B893666A}.Debug|x86.Build.0 = Debug|x86
		{5528D7FB-B88B-4E9D-9BBD-B6B6B893666A}.Release|x64.ActiveCfg = Release|x64
		{5528D7FB-B88B-4E9D-9BBD-B6B6B893666A}.Release|x64.Build.0 = Release|x64
		{5528D7FB-B88B-4E9D-9BBD-B6B6B893666A}.Release|x86.ActiveCfg = Release|x86
		{5528D7FB-B88B-4E9D-9BBD-B6B6B893666A}.Release|x86.Build.0 = Release|x86
		{EA03D76A-0A2F-4BDE-9690-92F82AF551D7}.Debug|x64.ActiveCfg = Debug|x64
		{EA03D76A-0A2F-4BDE-9690-92F82AF551D7}.Debug|x64.Build.0 = Debug|x64
		{EA03D76A-0A2F-4BDE-9690-92F82AF551D7}.Debug|x86.ActiveCfg = Debug|x86
		{EA03D76A-0A2F-4BDE-9690-92F82AF551D7}.Debug|x86.Build.0 = Debug|x86
		{EA03D76A-0A2F-4BDE-9690-92F82AF551D7}.Release|x64.ActiveCfg = Release|x64
		{EA03D76A-0A2F-4BDE-9690-92F82AF551D7}.Release|x64.Build.0 = Release|x64
		{EA03D76A-0A2F-4BDE-9690-92F82AF551D7}.Release|x86.ActiveCfg = Release|x86
		{EA03D76A-0A2F-4BDE-9690-92F82AF551D7}.Release|x86.Build.0 = Release|x86
		{EA3A9AB0-6AFD-456D-BB58-F50E5C8001DD}.Debug|x64.ActiveCfg = Debug|x64
		{EA3A9AB0-6AFD-456D-BB58-F50E5C8001DD}.Debug|x64.Build.0 = Debug|x64
		{EA3A9AB0-6AFD-456D-BB58-F50E5C8001DD}.Debug|x86.ActiveCfg = Debug|x86
		{EA3A9AB0-6AFD-456D-BB58-F50E5C8001DD}.Debug|x86.Build.0 = Debug|x86
		{EA3A9AB0-6AFD-456D-BB58-F50E5C8001DD}.Release|x64.ActiveCfg = Release|x64
		{EA3A9AB0-6AFD-456D-BB58-F50E5C8001DD}.Release|x64.Build.0 = Release|x64
		{EA3A9AB0-6AFD-456D-BB58-F50E5C8001DD}.Release|x86.ActiveCfg = Release|x86
		{EA3A9AB0-6AFD-456D-BB58-F50E5C8001DD}.Release|x86.Build.0 = Release|x86
		{1FF580E3-D9C2-48B7-917E-53C340BF16EC}.Debug|x64.ActiveCfg = Debug|x64
		{1FF580E3-D9C2-48B7-917E-53C340BF16EC}.Debug|x64.Build.0 = Debug|x64
		{1FF580E3-D9C2-48B7-917E-53C340BF16EC}.Debug|x86.ActiveCfg = Debug|x86
		{1FF580E3-D9C2-48B7-917E-53C340BF16EC}.Debug|x86.Build.0 = Debug|x86
		{1FF580E3-D9C2-48B7-917E-53C340BF16EC}.Release|x64.ActiveCfg = Release|x64
		{1FF580E3-D9C2-48B7-917E-53C340BF16EC}.Release|x64.Build.0 = Release|x64
		{1FF580E3-D9C2-48B7-917E-53C340BF16EC}.Release|x86.ActiveCfg = Release|x86
		{1FF580E3-D9C2-48B7-917E-53C340BF16EC}.Release|x86.Build.0 = Release|x86
		{1611C59B-1C1E-4F7C-A1CC-7F263DD31188}.Debug|x64.ActiveCfg = Debug|x64
		{1611C59B-1C1E-4F7C-A1CC-7F263DD31188}.Debug|x64.Build.0 = Debug|x64
		{1611C59B-1C1E-4F7C-A1CC-7F263DD31188}.Debug|x86.ActiveCfg = Debug|x86
		{1611C59B-1C1E-4F7C-A1CC-7F263DD31188}.Debug|x86.Build.0 = Debug|x86
		{1611C59B-1C1E-4F7C-A1CC-7F263DD31188}.Release|x64.ActiveCfg = Release|x64
		{1611C59B-1C1E-4F7C-A1CC-7F263DD31188}.Release|x64.Build.0 = Release|x64
		{1611C59B-1C1E-4F7C-A1CC-7F263DD31188}.Release|x86.ActiveCfg = Release|x86
		{1611C59B-1C1E-4F7C-A1CC-7F263DD31188}.Release|x86.Build.0 = Release|x86
		{1B621CE5-6424-459D-8044-E7CC3CC5A9F2}.Debug|x64.ActiveCfg = Debug|x64
		{1B621CE5-6424-459D-8044-E7CC3CC5A9F2}.Debug|x64.Build.0 = Debug|x64
		{1B621CE5-6424-459D-8044-E7CC3CC5A9F2}.Debug|x86.ActiveCfg = Debug|x86
		{1B621CE5-6424-459D-8044-E7CC3CC5A9F2}.Debug|x86.Build.0 = Debug|x86
		{1B621CE5-6424-459D-8044-E7CC3CC5A9F2}.Release|x64.ActiveCfg = Release|x64
		{1B621CE5-6424-459D-8044-E7CC3CC5A9F2}.Release|x64.Build.0 = Release|x64
		{1B621CE5-6424-459D-8044-E7CC3CC5A9F2}.Release|x86.ActiveCfg = Release|x86
		{1B621CE5-6424-459D-8044-E7CC3CC5A9F2}.Release|x86.Build.0 = Release|x86
		{D05762CE-79E2-4647-8AEB-BF3A0DF912EE}.Debug|x64.ActiveCfg = Debug|x64
		{D05762CE-79E2-4647-8AEB-BF3A0DF912EE}.Debug|x64.Build.0 = Debug|x64
		{D05762CE-79E2-4647-8AEB-BF3A0DF912EE}.Debug|x86.ActiveCfg = Debug|x86
		{D05762CE-79E2-4647-8AEB-BF3A0DF912EE}.Debug|x86.Build.0 = Debug|x86
		{D05762CE-79E2-4647-8AEB-BF3A0DF912EE}.Release|x64.ActiveCfg = Release|x64
		{D05762CE-79E2-4647-8AEB-BF3A0DF912EE}.Release|x64.Build.0 = Release|x64
		{D05762CE-79E2-4647-8AEB-BF3A0DF912EE}.Release|x86.ActiveCfg = Release|x86
		{D05762CE-79E2-4647-8AEB-BF3A0DF912EE}.Release|x86.Build.0 = Release|x86
		{E88EC1DD-47DA-4EFF-A3C1-42E7A58E21AC}.Debug|x64.ActiveCfg = Debug|x64
		{E88EC1DD-47DA-4EFF-A3C1-42E7A58E21AC}.Debug|x64.Build.0 = Debug|x64
		{E88EC1DD-47DA-4EFF-A3C1-42E7A58E21AC}.Debug|x86.ActiveCfg = Debug|x86
		{E88EC1DD-47DA-4EFF-A3C1-42E7A58E21AC}.Debug|x86.Build.0 = Debug|x86
		{E88EC1DD-47DA-4EFF-A3C1-42E7A58E21AC}.Release|x64.ActiveCfg = Release|x64
		{E88EC1DD-47DA-4EFF-A3C1-42E7A58E21AC}.Release|x64.Build.0 = Release|x64
		{E88EC1DD-47DA-4EFF-A3C1-42E7A58E21AC}.Release|x86.ActiveCfg = Release|x86
		{E88EC1DD-47DA-4EFF-A3C1-42E7A58E21AC}.Release|x86.Build.0 = Release|x86
		{8680340C-9BBD-4E47-BFCE-5AE0EA93943B}.Debug|x64.ActiveCfg = Debug|x64
		{8680340C-9BBD-4E47-BFCE-5AE0EA93943B}.Debug|x64.Build.0 = Debug|x64
		{8680340C-9BBD-4E47-BFCE-5AE0EA93943B}.Debug|x86.ActiveCfg = Debug|x86
		{8680340C-9BBD-4E47-BFCE-5AE0EA93943B}.Debug|x86.Build.0 = Debug|x86
		{8680340C-9BBD-4E47-BFCE-5AE0EA93943B}.Release|x64.ActiveCfg = Release|x64
		{8680340C-9BBD-4E47-BFCE-5AE0EA93943B}.Release|x64.Build.0 = Release|x64
		{8680340C-9BBD-4E47-BFCE-5AE0EA93943B}.Release|x86.ActiveCfg = Release|x86
		{8680340C-9BBD-4E47-BFCE-5AE0EA93943B}.Release|x86.Build.0 = Release|x86
		{0198C4D0-CEFE-4E45-9C31-2478BEFCA680}.Debug|x64.ActiveCfg = Debug|x64
		{0198C4D0-CEFE-4E45-9C31-2478BEFCA680}.Debug|x64.Build.0 = Debug|x64
		{0198C4D0-CEFE-4E45-9C31-2478BEFCA680}.Debug|x86.ActiveCfg = Debug|x86
		{0198C4D0-CEFE-4E45-9C31-2478BEFCA680}.Debug|x86.Build.0 = Debug|x86
		{0198C4D0-CEFE-4E45-9C31-2478BEFCA680}.Release|x64.ActiveCfg = Release|x64
		{0198C4D0-CEFE-4E45-9C31-2478BEFCA680}.Release|x64.Build.0 = Release|x64
		{0198C4D0-CEFE-4E45-9C31-2478BEFCA680}.Release|x86.ActiveCfg = Release|x86
		{0198C4D0-CEFE-4E45-9C31-2478BEFCA680}.Release|x86.Build.0 = Release|x86
		{B30C2321-BBC4-41C3-BB4F-BEB237355B05}.Debug|x64.ActiveCfg = Debug|x64
		{B30C2321-BBC4-41C3-BB4F-BEB237355B05}.Debug|x64.Build.0 = Debug|x64
		{B30C2321-BBC4-41C3-BB4F-BEB237355B05}.Debug|x86.ActiveCfg = Debug|x86
		{B30C2321-BBC4-41C3-BB4F-BEB237355B05}.Debug|x86.Build.0 = Debug|x86
		{B30C2321-BBC4-41C3-BB4F-BEB237355B05}.Release|x64.ActiveCfg = Release|x64
		{B30C2321-BBC4-41C3-BB4F-BEB237355B05}.Release|x64.Build.0 = Release|x64
		{B30C2321-BBC4-41C3-BB4F-BEB237355B05}.Release|x86.ActiveCfg = Release|x86
		{B30C2321-BBC4-41C3-BB4F-BEB237355B05}.Release|x86.Build.0 = Release|x86
		{8F658841-D5BD-4A2D-AC9C-7BC139669D00}.Debug|x64.ActiveCfg = Debug|x64
		{8F658841-D5BD-4A2D-AC9C-7BC139669D00}.Debug|x64.Build.0 = Debug|x64
		{8F658841-D5BD-4A2D-AC9C-7BC139669D00}.Debug|x86.ActiveCfg = Debug|x86
		{8F658841-D5BD-4A2D-AC9C-7BC139669D00}.Debug|x86.Build.0 = Debug|x86
		{8F658841-D5BD-4A2D-AC9C-7BC139669D00}.Release|x64.ActiveCfg = Release|x64
		{8F658841-D5BD-4A2D-AC9C-7BC139669D00}.Release|x64.Build.0 = Release|x64
		{8F658841-D5BD-4A2D-AC9C-7BC139669D00}.Release|x86.ActiveCfg = Release|x86
		{8F658841-D5BD-4A2D-AC9C-7BC139669D00}.Release|x86.Build.0 = Release|x86
		{D9FEE2DE-881C-494F-9135-1D8266274BA8}.Debug|x64.ActiveCfg = Debug|x64
		{D9FEE2DE-881C-494F-9135-1D8266274BA8}.Debug|x64.Build.0 = Debug|x64
		{D9FEE2DE-881C-494F-9135-1D8266274BA8}.Debug|x86.ActiveCfg = Debug|x86
		{D9FEE2DE-881C-494F-9135-1D8266274BA8}.Debug|x86.Build.0 = Debug|x86
		{D9FEE2DE-881C-494F-9135-1D8266274BA8}.Release|x64.ActiveCfg = Release|x64
		{D9FEE2DE-881C-494F-9135-1D8266274BA8}.Release|x64.Build.0 = Release|x64
		{D9FEE2DE-881C-494F-9135-1D8266274BA8}.Release|x86.ActiveCfg = Release|x86
		{D9FEE2DE-881C-494F-9135-1D8266274BA8}.Release|x86.Build.0 = Release|x86
		{8CCD9A35-3D14-4A13-AD60-57132F43E9C4}.Debug|x64.ActiveCfg = Debug|x64
		{8CCD9A35-3D14-4A13-AD60-57132F43E9C4}.Debug|x64.Build.0 = Debug|x64
		{8CCD9A35-3D14-4A13-AD60-57132F43E9C4}.Debug|x86.ActiveCfg = Debug|x86
		{8CCD9A35-3D14-4A13-AD60-57132F43E9C4}.Debug|x86.Build.0 = Debug|x86
		{8CCD9A35-3D14-4A13-AD60-57132F43E9C4}.Release|x64.ActiveCfg = Release|x64
		{8CCD9A35-3D14-4A13-AD60-57132F43E9C4}.Release|x64.Build.0 = Release|x64
		{8CCD9A35-3D14-4A13-AD60-57132F43E9C4}.Release|x86.ActiveCfg = Release|x86
		{8CCD9A35-3D14-4A13-AD60-57132F43E9C4}.Release|x86.Build.0 = Release|x86
		{87FB8B17-FE8E-4F2A-B159-9498CD207CA3}.Debug|x64.ActiveCfg = Debug|x64
		{87FB8B17-FE8E-4F2A-B159-9498CD207CA3}.Debug|x64.Build.0 = Debug|x64
		{87FB8B17-FE8E-4F2A-B159-9498CD207CA3}.Debug|x86.ActiveCfg = Debug|x86
		{87FB8B17-FE8E-4F2A-B159-9498CD207CA3}.Debug|x86.Build.0 = Debug|x86
		{87FB8B17-FE8E-4F2A-B159-9498CD207CA3}.Release|x64.ActiveCfg = Release|x64
		{87FB8B17-FE8E-4F2A-B159-9498CD207CA3}.Release|x64.Build.0 = Release|x64
		{87FB8B17-FE8E-4F2A-B159-9498CD207CA3}.Release|x86.ActiveCfg = Release|x86
		{87FB8B17-FE8E-4F2A-B159-9498CD207CA3}.Release|x86.Build.0 = Release|x86
		{6B0F812F-58C1-4840-8195-A71BC2CD9A4B}.Debug|x64.ActiveCfg = Debug|x64
		{6B0F812F-58C1-4840-8195-A71BC2CD9A4B}.Debug|x64.Build.0 = Debug|x64
		{6B0F812F-58C1-4840-8195-A71BC2CD9A4B}.Debug|x86.ActiveCfg = Debug|x86
		{6B0F812F-58C1-4840-8195-A71BC2CD9A4B}.Debug|x86.Build.0 = Debug|x86
		{6B0F812F-58C1-4840-8195-A71BC2CD9A4B}.Release|x64.ActiveCfg = Release|x64
		{6B0F812F-58C1-4840-8195-A71BC2CD9A4B}.Release|x64.Build.0 = Release|x64
		{6B0F812F-58C1-4840-8195-A71BC2CD9A4B}.Release|x86.ActiveCfg = Release|x86
		{6B0F812F-58C1-4840-8195-A71BC2CD9A4B}.Release|x86.Build.0 = Release|x86
		{9670B5A5-3D99-4B0B-965D-3037DC1C3983}.Debug|x64.ActiveCfg = Debug|x64
		{9670B5A5-3D99-4B0B-965D-3037DC1C3983}.Debug|x64.Build.0 = Debug|x64
		{9670B5A5-3D99-4B0B-965D-3037DC1C3983}.Debug|x86.ActiveCfg = Debug|x86
		{9670B5A5-3D99-4B0B-965D-3037DC1C3983}.Debug|x86.Build.0 = Debug|x86
		{9670B5A5-3D99-4B0B-965D-3037DC1C3983}.Release|x64.ActiveCfg = Release|x64
		{9670B5A5-3D99-4B0B-965D-3037DC1C3983}.Release|x64.Build.0 = Release|x64
		{9670B5A5-3D99-4B0B-965D-3037DC1C3983}.Release|x86.ActiveCfg = Release|x86
		{9670B5A5-3D99-4B0B-965D-3037DC1C3983}.Release|x86.Build.0 = Release|x86
		{9A8032FB-1A94-4E6A-9A2D-CE4AA8C39CC3}.Debug|x64.ActiveCfg = Debug|x64
		{9A8032FB-1A94-4E6A-9A2D-CE4AA8C39CC3}.Debug|x64.Build.0 = Debug|x64
		{9A8032FB-1A94-4E6A-9A2D-CE4AA8C39CC3}.Debug|x86.ActiveCfg = Debug|x86
		{9A8032FB-1A94-4E6A-9A2D-CE4AA8C39CC3}.Debug|x86.Build.0 = Debug|x86
		{9A8032FB-1A94-4E6A-9A2D-CE4AA8C39CC3}.Release|x64.ActiveCfg = Release|x64
		{9A8032FB-1A94-4E6A-9A2D-CE4AA8C39CC3}.Release|x64.Build.0 = Release|x64
		{9A8032FB-1A94-4E6A-9A2D-CE4AA8C39CC3}.Release|x86.ActiveCfg = Release|x86
		{9A8032FB-1A94-4E6A-9A2D-CE4AA8C39CC3}.Release|x86.Build.0 = Release|x86
		{E0EC09B0-A0E2-4D28-B98B-F7B218784123}.Debug|x64.ActiveCfg = Debug|x64
		{E0EC09B0-A0E2-4D28-B98B-F7B218784123}.Debug|x64.Build.0 = Debug|x64
		{E0EC09B0-A0E2-4D28-B98B-F7B218784123}.Debug|x86.ActiveCfg = Debug|x86
		{E0EC09B0-A0E2-4D28-B98B-F7B218784123}.Debug|x86.Build.0 = Debug|x86
		{E0EC09B0-A0E2-4D28-B98B-F7B218784123}.Release|x64.ActiveCfg = Release|x64
		{E0EC09B0-A0E2-4D28-B98B-F7B218784123}.Release|x64.Build.0 = Release|x64
		{E0EC09B0-A0E2-4D28-B98B-F7B218784123}.Release|x86.ActiveCfg = Release|x86
		{E0EC09B0-A0E2-4D28-B98B-F7B218784123}.Release|x86.Build.0 = Release|x86
		{6B3E1D9D-830A-4D28-9AD7-E95CF46218B0}.Debug|x64.ActiveCfg = Debug|x64
		{6B3E1D9D-830A-4D28-9AD7-E95CF46218B0}.Debug|x64.Build.0 = Debug|x64
		{6B3E1D9D-830A-4D28-9AD7-E95CF46218B0}.Debug|x86.ActiveCfg = Debug|x86
		{6B3E1D9D-830A-4D28-9AD7-E95CF46218B0}.Debug|x86.Build.0 = Debug|x86
		{6B3E1D9D-830A-4D28-9AD7-E95CF46218B0}.Release|x64.ActiveCfg = Release|x64
		{6B3E1D9D-830A-4D28-9AD7-E95CF46218B0}.Release|x64.Build.0 = Release|x64
		{6B3E1D9D-830A-4D28-9AD7-E95CF46218B0}.Release|x86.ActiveCfg = Release|x86
		{6B3E1D9D-830A-4D28-9AD7-E95CF46218B0}.Release|x86.Build.0 = Release|x86
		{A63CA76D-B2B3-42F7-A6C3-78E980B4C629}.Debug|x64.ActiveCfg = Debug|x64
		{A63CA76D-B2B3-42F7-A6C3-78E980B4C629}.Debug|x64.Build.0 = Debug|x64
		{A63CA76D-B2B3-42F7-A6C3-78E980B4C629}.Debug|x86.ActiveCfg = Debug|x86
		{A63CA76D-B2B3-42F7-A6C3-78E980B4C629}.Debug|x86.Build.0 = Debug|x86
		{A63CA76D-B2B3-42F7-A6C3-78E980B4C629}.Release|x64.ActiveCfg = Release|x64
		{A63CA76D-B2B3-42F7-A6C3-78E980B4C629}.Release|x64.Build.0 = Release|x64
		{A63CA76D-B2B3-42F7-A6C3-78E980B4C629}.Release|x86.ActiveCfg = Release|x86
		{A63CA76D-B2B3-42F7-A6C3-78E980B4C629}.Release|x86.Build.0 = Release|x86
		{D4F8CABC-167C-4CDA-9516-C0E18B4ACF52}.Debug|x64.ActiveCfg = Debug|x64
		{D4F8CABC-167C-4CDA-9516-C0E18B4ACF52}.Debug|x64.Build.0 = Debug|x64
		{D4F8CABC-167C-4CDA-9516-C0E18B4ACF52}.Debug|x86.ActiveCfg = Debug|x86
		{D4F8CABC-167C-4CDA-9516-C0E18B4ACF52}.Debug|x86.Build.0 = Debug|x86
		{D4F8CABC-167C-4CDA-9516-C0E18B4ACF52}.Release|x64.ActiveCfg = Release|x64
		{D4F8CABC-167C-4CDA-9516-C0E18B4ACF52}.Release|x64.Build.0 = Release|x64
		{D4F8CABC-167C-4CDA-9516-C0E18B4ACF52}.Release|x86.ActiveCfg = Release|x86
		{D4F8CABC-167C-4CDA-9516-C0E18B4ACF52}.Release|x86.Build.0 = Release|x86
		{30C27905-201D-4EA9-B714-8360DD24E74A}.Debug|x64.ActiveCfg = Debug|x64
		{30C27905-201D-4EA9-B714-8360DD24E74A}.Debug|x64.Build.0 = Debug|x64
		{30C27905-201D-4EA9-B714-8360DD24E74A}.Debug|x86.ActiveCfg = Debug|x86
		{30C27905-201D-4EA9-B714-8360DD24E74A}.Debug|x86.Build.0 = Debug|x86
		{30C27905-201D-4EA9-B714-8360DD24E74A}.Release|x64.ActiveCfg = Release|x64
		{30C27905-201D-4EA9-B714-8360DD24E74A}.Release|x64.Build.0 = Release|x64
		{30C27905-201D-4EA9-B714-8360DD24E74A}.Release|x86.ActiveCfg = Release|x86
		{30C27905-201D-4EA9-B714-8360DD24E74A}.Release|x86.Build.0 = Release|x86
		{C4044803-195B-43DE-93BC-9891695348FE}.Debug|x64.ActiveCfg = Debug|x64
		{C4044803-195B-43DE-93BC-9891695348FE}.Debug|x64.Build.0 = Debug|x64
		{C4044803-195B-43DE-93BC-9891695348FE}.Debug|x86.ActiveCfg = Debug|x86
		{C4044803-195B-43DE-93BC-9891695348FE}.Debug|x86.Build.0 = Debug|x86
		{C4044803-195B-43DE-93BC-9891695348FE}.Release|x64.ActiveCfg = Release|x64
		{C4044803-195B-43DE-93BC-9891695348FE}.Release|x64.Build.0 = Release|x64
		{C4044803-195B-43DE-93BC-9891695348FE}.Release|x86.ActiveCfg = Release|x86
		{C4044803-195B-43DE-93BC-9891695348FE}.Release|x86.Build.0 = Release|x86
		{D7F88717-5E46-49E8-9E82-62D31FE1ECB8}.Debug|x64.ActiveCfg = Debug|x64
		{D7F88717-5E46-49E8-9E82-62D31FE1ECB8}.Debug|x64.Build.0 = Debug|x64
		{D7F88717-5E46-49E8-9E82-62D31FE1ECB8}.Debug|x86.ActiveCfg = Debug|x86
		{D7F88717-5E46-49E8-9E82-62D31FE1ECB8}.Debug|x86.Build.0 = Debug|x86
		{D7F88717-5E46-49E8-9E82-62D31FE1ECB8}.Release|x64.ActiveCfg = Release|x64
		{D7F88717-5E46-49E8-9E82-62D31FE1ECB8}.Release|x64.Build.0 = Release|x64
		{D7F88717-5E46-49E8-9E82-62D31FE1ECB8}.Release|x86.ActiveCfg = Release|x86
		{D7F88717-5E46-49E8-9E82-62D31FE1ECB8}.Release|x86.Build.0 = Release|x86
		{95BACE9A-CCD5-4B08-A902-3CD930F72088}.Debug|x64.ActiveCfg = Debug|x64
		{95BACE9A-CCD5-4B08-A902-3CD930F72088}.Debug|x64.Build.0 = Debug|x64
		{95BACE9A-CCD5-4B08-A902-3CD930F72088}.Debug|x86.ActiveCfg = Debug|x86
		{95BACE9A-CCD5-4B08-A902-3CD930F72088}.Debug|x86.Build.0 = Debug|x86
		{95BACE9A-CCD5-4B08-A902-3CD930F72088}.Release|x64.ActiveCfg = Release|x64
		{95BACE9A-CCD5-4B08-A902-3CD930F72088}.Release|x64.Build.0 = Release|x64
		{95BACE9A-CCD5-4B08-A902-3CD930F72088}.Release|x86.ActiveCfg = Release|x86
		{95BACE9A-CCD5-4B08-A902-3CD930F72088}.Release|x86.Build.0 = Release|x86
		{C06BCCCA-01DB-4E59-8BA5-6941AE345A92}.Debug|x64.ActiveCfg = Debug|x64
		{C06BCCCA-01DB-4E59-8BA5-6941AE345A92}.Debug|x64.Build.0 = Debug|x64
		{C06BCCCA-01DB-4E59-8BA5-6941AE345A92}.Debug|x86.ActiveCfg = Debug|x86
		{C06BCCCA-01DB-4E59-8BA5-6941AE345A92}.Debug|x86.Build.0 = Debug|x86
		{C06BCCCA-01DB-4E59-8BA5-6941AE345A92}.Release|x64.ActiveCfg = Release|x64
		{C06BCCCA-01DB-4E59-8BA5-6941AE345A92}.Release|x64.Build.0 = Release|x64
		{C06BCCCA-01DB-4E59-8BA5-6941AE345A92}.Release|x86.ActiveCfg = Release|x86
		{C06BCCCA-01DB-4E59-8BA5-6941AE345A92}.Release|x86.Build.0 = Release|x86
		{260D9F6E-08BA-4A20-BD4C-FE3E208307EC}.Debug|x64.ActiveCfg = Debug|x64
		{260D9F6E-08BA-4A20-BD4C-FE3E208307EC}.Debug|x64.Build.0 = Debug|x64
		{260D9F6E-08BA-4A20-BD4C-FE3E208307EC}.Debug|x86.ActiveCfg = Debug|x86
		{260D9F6E-08BA-4A20-BD4C-FE3E208307EC}.Debug|x86.Build.0 = Debug|x86
		{260D9F6E-08BA-4A20-BD4C-FE3E208307EC}.Release|x64.ActiveCfg = Release|x64
		{260D9F6E-08BA-4A20-BD4C-FE3E208307EC}.Release|x64.Build.0 = Release|x64
		{260D9F6E-08BA-4A20-BD4C-FE3E208307EC}.Release|x86.ActiveCfg = Release|x86
		{260D9F6E-08BA-4A20-BD4C-FE3E208307EC}.Release|x86.Build.0 = Release|x86
		{11917EE0-79F6-469B-ABD2-9FB078FE083E}.Debug|x64.ActiveCfg = Debug|x64
		{11917EE0-79F6-469B-ABD2-9FB078FE083E}.Debug|x64.Build.0 = Debug|x64
		{11917EE0-79F6-469B-ABD2-9FB078FE083E}.Debug|x86.ActiveCfg = Debug|x86
		{11917EE0-79F6-469B-ABD2-9FB078FE083E}.Debug|x86.Build.0 = Debug|x86
		{11917EE0-79F6-469B-ABD2-9FB078FE083E}.Release|x64.ActiveCfg = Release|x64
		{11917EE0-79F6-469B-ABD2-9FB078FE083E}.Release|x64.Build.0 = Release|x64
		{11917EE0-79F6-469B-ABD2-9FB078FE083E}.Release|x86.ActiveCfg = Release|x86
		{11917EE0-79F6-469B-ABD2-9FB078FE083E}.Release|x86.Build.0 = Release|x86
		{78A87EAF-E342-4318-AB26-D44015633243}.Debug|x64.ActiveCfg = Debug|x64
		{78A87EAF-E342-4318-AB26-D44015633243}.Debug|x64.Build.0 = Debug|x64
		{78A87EAF-E342-4318-AB26-D44015633243}.Debug|x86.ActiveCfg = Debug|x86
		{78A87EAF-E342-4318-AB26-D44015633243}.Debug|x86.Build.0 = Debug|x86
		{78A87EAF-E342-4318-AB26-D44015633243}.Release|x64.ActiveCfg = Release|x64
		{78A87EAF-E342-4318-AB26-D44015633243}.Release|x64.Build.0 = Release|x64
		{78A87EAF-E342-4318-AB26-D44015633243}.Release|x86.ActiveCfg = Release|x86
		{78A87EAF-E342-4318-AB26-D44015633243}.Release|x86.Build.0 = Release|x86
		{9190559B-FB22-4E74-9130-5BFD3FFD6DAE}.Debug|x64.ActiveCfg = Debug|x64
		{9190559B-FB22-4E74-9130-5BFD3FFD6DAE}.Debug|x64.Build.0 = Debug|x64
		{9190559B-FB22-4E74-9130-5BFD3FFD6DAE}.Debug|x86.ActiveCfg = Debug|x86
		{9190559B-FB22-4E74-9130-5BFD3FFD6DAE}.Debug|x86.Build.0 = Debug|x86
		{9190559B-FB22-4E74-9130-5BFD3FFD6DAE}.Release|x64.ActiveCfg = Release|x64
		{9190559B-FB22-4E74-9130-5BFD3FFD6DAE}.Release|x64.Build.0 = Release|x64
		{9190559B-FB22-4E74-9130-5BFD3FFD6DAE}.Release|x86.ActiveCfg = Release|x86
		{9190559B-FB22-4E74-9130-5BFD3FFD6DAE}.Release|x86.Build.0 = Release|x86
		{BE12E205-8416-44C4-88E8-C6C3B2DE313A}.Debug|x64.ActiveCfg = Debug|x64
		{BE12E205-8416-44C4-88E8-C6C3B2DE313A}.Debug|x64.Build.0 = Debug|x64
		{BE12E205-8416-44C4-88E8-C6C3B2DE313A}.Debug|x86.ActiveCfg = Debug|x86
		{BE12E205-8416-44C4-88E8-C6C3B2DE313A}.Debug|x86.Build.0 = Debug|x86
		{BE12E205-8416-44C4-88E8-C6C3B2DE313A}.Release|x64.ActiveCfg = Release|x64
		{BE12E205-8416-44C4-88E8-C6C3B2DE313A}.Release|x64.Build.0 = Release|x64
		{BE12E205-8416-44C4-88E8-C6C3B2DE313A}.Release|x86.ActiveCfg = Release|x86
		{BE12E205-8416-44C4-88E8-C6C3B2DE313A}.Release|x86.Build.0 = Release|x86
		{81FC6400-8C3C-4BE5-80A0-EE4A76973684}.Debug|x64.ActiveCfg = Debug|x64
		{81FC6400-8C3C-4BE5-80A0-EE4A76973684}.Debug|x64.Build.0 = Debug|x64
		{81FC6400-8C3C-4BE5-80A0-EE4A76973684}.Debug|x86.ActiveCfg = Debug|x86
		{81FC6400-8C3C-4BE5-80A0-EE4A76973684}.Debug|x86.Build.0 = Debug|x86
		{81FC6400-8C3C-4BE5-80A0-EE4A76973684}.Release|x64.ActiveCfg = Release|x64
		{81FC6400-8C3C-4BE5-80A0-EE4A76973684}.Release|x64.Build.0 = Release|x64
		{81FC6400-8C3C-4BE5-80A0-EE4A76973684}.Release|x86.ActiveCfg = Release|x86
		{81FC6400-8C3C-4BE5-80A0-EE4A76973684}.Release|x86.Build.0 = Release|x86
		{F1F9A9A7-047F-4ED6-83F0-6804C6CBB327}.Debug|x64.ActiveCfg = Debug|x64
		{F1F9A9A7-047F-4ED6-83F0-6804C6CBB327}.Debug|x64.Build.0 = Debug|x64
		{F1F9A9A7-047F-4ED6-83F0-6804C6CBB327}.Debug|x86.ActiveCfg = Debug|x86
		{F1F9A9A7-047F-4ED6-83F0-6804C6CBB327}.Debug|x86.Build.0 = Debug|x86
		{F1F9A9A7-047F-4ED6-83F0-6804C6CBB327}.Release|x64.ActiveCfg = Release|x64
		{F1F9A9A7-047F-4ED6-83F0-6804C6CBB327}.Release|x64.Build.0 = Release|x64
		{F1F9A9A7-047F-4ED6-83F0-6804C6CBB327}.Release|x86.ActiveCfg = Release|x86
		{F1F9A9A7-047F-4ED6-83F0-6804C6CBB327}.Release|x86.Build.0 = Release|x86
		{D7602741-2E90-4DA1-BD26-3903672DC71E}.Debug|x64.ActiveCfg = Debug|x64
		{D7602741-2E90-4DA1-BD26-3903672DC71E}.Debug|x64.Build.0 = Debug|x64
		{D7602741-2E90-4DA1-BD26-3903672DC71E}.Debug|x86.ActiveCfg = Debug|x86
		{D7602741-2E90-4DA1-BD26-3903672DC71E}.Debug|x86.Build.0 = Debug|x86
		{D7602741-2E90-4DA1-BD26-3903672DC71E}.Release|x64.ActiveCfg = Release|x64
		{D7602741-2E90-4DA1-BD26-3903672DC71E}.Release|x64.Build.0 = Release|x64
		{D7602741-2E90-4DA1-BD26-3903672DC71E}.Release|x86.ActiveCfg = Release|x86
		{D7602741-2E90-4DA1-BD26-3903672DC71E}.Release|x86.Build.0 = Release|x86
		{4598EF65-0986-42DF-87F6-801FC44E7711}.Debug|x64.ActiveCfg = Debug|x64
		{4598EF65-0986-42DF-87F6-801FC44E7711}.Debug|x64.Build.0 = Debug|x64
		{4598EF65-0986-42DF-87F6-801FC44E7711}.Debug|x86.ActiveCfg = Debug|x86
		{4598EF65-0986-42DF-87F6-801FC44E7711}.Debug|x86.Build.0 = Debug|x86
		{4598EF65-0986-42DF-87F6-801FC44E7711}.Release|x64.ActiveCfg = Release|x64
		{4598EF65-0986-42DF-87F6-801FC44E7711}.Release|x64.Build.0 = Release|x64
		{4598EF65-0986-42DF-87F6-801FC44E7711}.Release|x86.ActiveCfg = Release|x86
		{4598EF65-0986-42DF-87F6-801FC44E7711}.Release|x86.Build.0 = Release|x86
		{4E11B5C7-823F-46B4-8E46-CCB2947DC2C7}.Debug|x64.ActiveCfg = Debug|x64
		{4E11B5C7-823F-46B4-8E46-CCB2947DC2C7}.Debug|x64.Build.0 = Debug|x64
		{4E11B5C7-823F-46B4-8E46-CCB2947DC2C7}.Debug|x86.ActiveCfg = Debug|x86
		{4E11B5C7-823F-46B4-8E46-CCB2947DC2C7}.Debug|x86.Build.0 = Debug|x86
		{4E11B5C7-823F-46B4-8E46-CCB2947DC2C7}.Release|x64.ActiveCfg = Release|x64
		{4E11B5C7-823F-46B4-8E46-CCB2947DC2C7}.Release|x64.Build.0 = Release|x64
		{4E11B5C7-823F-46B4-8E46-CCB2947DC2C7}.Release|x86.ActiveCfg = Release|x86
		{4E11B5C7-823F-46B4-8E46-CCB2947DC2C7}.Release|x86.Build.0 = Release|x86
		{DB9DF2A9-EC4D-4032-B9A5-16F2EE0AAC79}.Debug|x64.ActiveCfg = Debug|x64
		{DB9DF2A9-EC4D-4032-B9A5-16F2EE0AAC79}.Debug|x64.Build.0 = Debug|x64
		{DB9DF2A9-EC4D-4032-B9A5-16F2EE0AAC79}.Debug|x86.ActiveCfg = Debug|x86
		{DB9DF2A9-EC4D-4032-B9A5-16F2EE0AAC79}.Debug|x86.Build.0 = Debug|x86
		{DB9DF2A9-EC4D-4032-B9A5-16F2EE0AAC79}.Release|x64.ActiveCfg = Release|x64
		{DB9DF2A9-EC4D-4032-B9A5-16F2EE0AAC79}.Release|x64.Build.0 = Release|x64
		{DB9DF2A9-EC4D-4032-B9A5-16F2EE0AAC79}.Release|x86.ActiveCfg = Release|x86
		{DB9DF2A9-EC4D-4032-B9A5-16F2EE0AAC79}.Release|x86.Build.0 = Release|x86
		{E3617D29-E193-46A6-B085-DB14448F24CF}.Debug|x64.ActiveCfg = Debug|x64
		{E3617D29-E193-46A6-B085-DB14448F24CF}.Debug|x64.Build.0 = Debug|x64
		{E3617D29-E193-46A6-B085-DB14448F24CF}.Debug|x86.ActiveCfg = Debug|x86
		{E3617D29-E193-46A6-B085-DB14448F24CF}.Debug|x86.Build.0 = Debug|x86
		{E3617D29-E193-46A6-B085-DB14448F24CF}.Release|x64.ActiveCfg = Release|x64
		{E3617D29-E193-46A6-B085-DB14448F24CF}.Release|x64.Build.0 = Release|x64
		{E3617D29-E193-46A6-B085-DB14448F24CF}.Release|x86.ActiveCfg = Release|x86
		{E3617D29-E193-46A6-B085-DB14448F24CF}.Release|x86.Build.0 = Release|x86
		{506DA070-E9AC-401B-AEC9-B413FF50164E}.Debug|x64.ActiveCfg = Debug|x64
		{506DA070-E9AC-401B-AEC9-B413FF50164E}.Debug|x64.Build.0 = Debug|x64
		{506DA070-E9AC-401B-AEC9-B413FF50164E}.Debug|x86.ActiveCfg = Debug|x86
		{506DA070-E9AC-401B-AEC9-B413FF50164E}.Debug|x86.Build.0 = Debug|x86
		{506DA070-E9AC-401B-AEC9-B413FF50164E}.Release|x64.ActiveCfg = Release|x64
		{506DA070-E9AC-401B-AEC9-B413FF50164E}.Release|x64.Build.0 = Release|x64
		{506DA070-E9AC-401B-AEC9-B413FF50164E}.Release|x86.ActiveCfg = Release|x86
		{506DA070-E9AC-401B-AEC9-B413FF50164E}.Release|x86.Build.0 = Release|x86
		{8083DC25-5ED0-4BE3-9926-E1BA2242EB8B}.Debug|x64.ActiveCfg = Debug|x64
		{8083DC25-5ED0-4BE3-9926-E1BA2242EB8B}.Debug|x64.Build.0 = Debug|x64
		{8083DC25-5ED0-4BE3-9926-E1BA2242EB8B}.Debug|x86.ActiveCfg = Debug|x86
		{8083DC25-5ED0-4BE3-9926-E1BA2242EB8B}.Debug|x86.Build.0 = Debug|x86
		{8083DC25-5ED0-4BE3-9926-E1BA2242EB8B}.Release|x64.ActiveCfg = Release|x64
		{8083DC25-5ED0-4BE3-9926-E1BA2242EB8B}.Release|x64.Build.0 = Release|x64
		{8083DC25-5ED0-4BE3-9926-E1BA2242EB8B}.Release|x86.ActiveCfg = Release|x86
		{8083DC25-5ED0-4BE3-9926-E1BA2242EB8B}.Release|x86.Build.0 = Release|x86
		{58D2A34D-9078-4F13-82E3-88E3616C3A2D}.Debug|x64.ActiveCfg = Debug|x64
		{58D2A34D-9078-4F13-82E3-88E3616C3A2D}.Debug|x64.Build.0 = Debug|x64
		{58D2A34D-9078-4F13-82E3-88E3616C3A2D}.Debug|x86.ActiveCfg = Debug|x86
		{58D2A34D-9078-4F13-82E3-88E3616C3A2D}.Debug|x86.Build.0 = Debug|x86
		{58D2A34D-9078-4F13-82E3-88E3616C3A2D}.Release|x64.ActiveCfg = Release|x64
		{58D2A34D-9078-4F13-82E3-88E3616C3A2D}.Release|x64.Build.0 = Release|x64
		{58D2A34D-9078-4F13-82E3-88E3616C3A2D}.Release|x86.ActiveCfg = Release|x86
		{58D2A34D-9078-4F13-82E3-88E3616C3A2D}.Release|x86.Build.0 = Release|x86
		{B6E5E45D-8321-478D-9EBC-1C3DD24FD385}.Debug|x64.ActiveCfg = Debug|x64
		{B6E5E45D-8321-478D-9EBC-1C3DD24FD385}.Debug|x64.Build.0 = Debug|x64
		{B6E5E45D-8321-478D-9EBC-1C3DD24FD385}.Debug|x86.ActiveCfg = Debug|x86
		{B6E5E45D-8321-478D-9EBC-1C3DD24FD385}.Debug|x86.Build.0 = Debug|x86
		{B6E5E45D-8321-478D-9EBC-1C3DD24FD385}.Release|x64.ActiveCfg = Release|x64
		{B6E5E45D-8321-478D-9EBC-1C3DD24FD385}.Release|x64.Build.0 = Release|x64
		{B6E5E45D-8321-478D-9EBC-1C3DD24FD385}.Release|x86.ActiveCfg = Release|x86
		{B6E5E45D-8321-478D-9EBC-1C3DD24FD385}.Release|x86.Build.0 = Release|x86
		{52FED57C-5949-445D-9AF0-DDE1932112A7}.Debug|x64.ActiveCfg = Debug|x64
		{52FED57C-5949-445D-9AF0-DDE1932112A7}.Debug|x64.Build.0 = Debug|x64
		{52FED57C-5949-445D-9AF0-DDE1932112A7}.Debug|x86.ActiveCfg = Debug|x86
		{52FED57C-5949-445D-9AF0-DDE1932112A7}.Debug|x86.Build.0 = Debug|x86
		{52FED57C-5949-445D-9AF0-DDE1932112A7}.Release|x64.ActiveCfg = Release|x64
		{52FED57C-5949-445D-9AF0-DDE1932112A7}.Release|x64.Build.0 = Release|x64
		{52FED57C-5949-445D-9AF0-DDE1932112A7}.Release|x86.ActiveCfg = Release|x86
		{52FED57C-5949-445D-9AF0-DDE1932112A7}.Release|x86.Build.0 = Release|x86
		{1046F6BE-96F4-444F-8F9B-6623F7E4302E}.Debug|x64.ActiveCfg = Debug|x64
		{1046F6BE-96F4-444F-8F9B-6623F7E4302E}.Debug|x64.Build.0 = Debug|x64
		{1046F6BE-96F4-444F-8F9B-6623F7E4302E}.Debug|x86.ActiveCfg = Debug|x86
		{1046F6BE-96F4-444F-8F9B-6623F7E4302E}.Debug|x86.Build.0 = Debug|x86
		{1046F6BE-96F4-444F-8F9B-6623F7E4302E}.Release|x64.ActiveCfg = Release|x64
		{1046F6BE-96F4-444F-8F9B-6623F7E4302E}.Release|x64.Build.0 = Release|x64
		{1046F6BE-96F4-444F-8F9B-6623F7E4302E}.Release|x86.ActiveCfg = Release|x86
		{1046F6BE-96F4-444F-8F9B-6623F7E4302E}.Release|x86.Build.0 = Release|x86
		{06F53613-63C8-4482-AB58-749D92A08B86}.Debug|x64.ActiveCfg = Debug|x64
		{06F53613-63C8-4482-AB58-749D92A08B86}.Debug|x64.Build.0 = Debug|x64
		{06F53613-63C8-4482-AB58-749D92A08B86}.Debug|x86.ActiveCfg = Debug|x86
		{06F53613-63C8-4482-AB58-749D92A08B86}.Debug|x86.Build.0 = Debug|x86
		{06F53613-63C8-4482-AB58-749D92A08B86}.Release|x64.ActiveCfg = Release|x64
		{06F53613-63C8-4482-AB58-749D92A08B86}.Release|x64.Build.0 = Release|x64
		{06F53613-63C8-4482-AB58-749D92A08B86}.Release|x86.ActiveCfg = Release|x86
		{06F53613-63C8-4482-AB58-749D92A08B86}.Release|x86.Build.0 = Release|x86
		{E3BCD967-48C5-461D-B45E-92E9FB4F3C65}.Debug|x64.ActiveCfg = Debug|x64
		{E3BCD967-48C5-461D-B45E-92E9FB4F3C65}.Debug|x64.Build.0 = Debug|x64
		{E3BCD967-48C5-461D-B45E-92E9FB4F3C65}.Debug|x86.ActiveCfg = Debug|x86
		{E3BCD967-48C5-461D-B45E-92E9FB4F3C65}.Debug|x86.Build.0 = Debug|x86
		{E3BCD967-48C5-461D-B45E-92E9FB4F3C65}.Release|x64.ActiveCfg = Release|x64
		{E3BCD967-48C5-461D-B45E-92E9FB4F3C65}.Release|x64.Build.0 = Release|x64
		{E3BCD967-48C5-461D-B45E-92E9FB4F3C65}.Release|x86.ActiveCfg = Release|x86
		{E3BCD967-48C5-461D-B45E-92E9FB4F3C65}.Release|x86.Build.0 = Release|x86
		{E062DA03-1D52-42D6-A1C2-46BF707317F2}.Debug|x64.ActiveCfg = Debug|x64
		{E062DA03-1D52-42D6-A1C2-46BF707317F2}.Debug|x64.Build.0 = Debug|x64
		{E062DA03-1D52-42D6-A1C2-46BF707317F2}.Debug|x86.ActiveCfg = Debug|x86
		{E062DA03-1D52-42D6-A1C2-46BF707317F2}.Debug|x86.Build.0 = Debug|x86
		{E062DA03-1D52-42D6-A1C2-46BF707317F2}.Release|x64.ActiveCfg = Release|x64
		{E062DA03-1D52-42D6-A1C2-46BF707317F2}.Release|x64.Build.0 = Release|x64
		{E062DA03-1D52-42D6-A1C2-46BF707317F2}.Release|x86.ActiveCfg = Release|x86
		{E062DA03-1D52-42D6-A1C2-46BF707317F2}.Release|x86.Build.0 = Release|x86
		{647358F9-85F3-416B-805B-F649E3B5CE7D}.Debug|x64.ActiveCfg = Debug|x64
		{647358F9-85F3-416B-805B-F649E3B5CE7D}.Debug|x64.Build.0 = Debug|x64
		{647358F9-85F3-416B-805B-F649E3B5CE7D}.Debug|x86.ActiveCfg = Debug|x86
		{647358F9-85F3-416B-805B-F649E3B5CE7D}.Debug|x86.Build.0 = Debug|x86
		{647358F9-85F3-416B-805B-F649E3B5CE7D}.Release|x64.ActiveCfg = Release|x64
		{647358F9-85F3-416B-805B-F649E3B5CE7D}.Release|x64.Build.0 = Release|x64
		{647358F9-85F3-416B-805B-F649E3B5CE7D}.Release|x86.ActiveCfg = Release|x86
		{647358F9-85F3-416B-805B-F649E3B5CE7D}.Release|x86.Build.0 = Release|x86
		{46E8092B-E5FF-4B20-8381-CAD2A3CE199A}.Debug|x64.ActiveCfg = Debug|x64
		{46E8092B-E5FF-4B20-8381-CAD2A3CE199A}.Debug|x64.Build.0 = Debug|x64
		{46E8092B-E5FF-4B20-8381-CAD2A3CE199A}.Debug|x86.ActiveCfg = Debug|x86
		{46E8092B-E5FF-4B20-8381-CAD2A3CE199A}.Debug|x86.Build.0 = Debug|x86
		{46E8092B-E5FF-4B20-8381-CAD2A3CE199A}.Release|x64.ActiveCfg = Release|x64
		{46E8092B-E5FF-4B20-8381-CAD2A3CE199A}.Release|x64.Build.0 = Release|x64
		{46E8092B-E5FF-4B20-8381-CAD2A3CE199A}.Release|x86.ActiveCfg = Release|x86
		{46E8092B-E5FF-4B20-8381-CAD2A3CE199A}.Release|x86.Build.0 = Release|x86
		{11950D55-8FEC-4374-89BF-510C112D77C4}.Debug|x64.ActiveCfg = Debug|x64
		{11950D55-8FEC-4374-89BF-510C112D77C4}.Debug|x64.Build.0 = Debug|x64
		{11950D55-8FEC-4374-89BF-510C112D77C4}.Debug|x86.ActiveCfg = Debug|x86
		{11950D55-8FEC-4374-89BF-510C112D77C4}.Debug|x86.Build.0 = Debug|x86
		{11950D55-8FEC-4374-89BF-510C112D77C4}.Release|x64.ActiveCfg = Release|x64
		{11950D55-8FEC-4374-89BF-510C112D77C4}.Release|x64.Build.0 = Release|x64
		{11950D55-8FEC-4374-89BF-510C112D77C4}.Release|x86.ActiveCfg = Release|x86
		{11950D55-8FEC-4374-89BF-510C112D77C4}.Release|x86.Build.0 = Release|x86
		{FC38B455-96C2-4C47-AE6E-911A296F59CE}.Debug|x64.ActiveCfg = Debug|x64
		{FC38B455-96C2-4C47-AE6E-911A296F59CE}.Debug|x64.Build.0 = Debug|x64
		{FC38B455-96C2-4C47-AE6E-911A296F59CE}.Debug|x86.ActiveCfg = Debug|x86
		{FC38B455-96C2-4C47-AE6E-911A296F59CE}.Debug|x86.Build.0 = Debug|x86
		{FC38B455-96C2-4C47-AE6E-911A296F59CE}.Release|x64.ActiveCfg = Release|x64
		{FC38B455-96C2-4C47-AE6E-911A296F59CE}.Release|x64.Build.0 = Release|x64
		{FC38B455-96C2-4C47-AE6E-911A296F59CE}.Release|x86.ActiveCfg = Release|x86
		{FC38B455-96C2-4C47-AE6E-911A296F59CE}.Release|x86.Build.0 = Release|x86
		{9CD6DDB4-7132-4231-AFE0-427785263C64}.Debug|x64.ActiveCfg = Debug|x64
		{9CD6DDB4-7132-4231-AFE0-427785263C64}.Debug|x64.Build.0 = Debug|x64
		{9CD6DDB4-7132-4231-AFE0-427785263C64}.Debug|x86.ActiveCfg = Debug|x86
		{9CD6DDB4-7132-4231-AFE0-427785263C64}.Debug|x86.Build.0 = Debug|x86
		{9CD6DDB4-7132-4231-AFE0-427785263C64}.Release|x64.ActiveCfg = Release|x64
		{9CD6DDB4-7132-4231-AFE0-427785263C64}.Release|x64.Build.0 = Release|x64
		{9CD6DDB4-7132-4231-AFE0-427785263C64}.Release|x86.ActiveCfg = Release|x86
		{9CD6DDB4-7132-4231-AFE0-427785263C64}.Release|x86.Build.0 = Release|x86
		{6D56B9CC-AAD9-4A66-8F52-C3CA0DAF5BD9}.Debug|x64.ActiveCfg = Debug|x64
		{6D56B9CC-AAD9-4A66-8F52-C3CA0DAF5BD9}.Debug|x64.Build.0 = Debug|x64
		{6D56B9CC-AAD9-4A66-8F52-C3CA0DAF5BD9}.Debug|x86.ActiveCfg = Debug|x86
		{6D56B9CC-AAD9-4A66-8F52-C3CA0DAF5BD9}.Debug|x86.Build.0 = Debug|x86
		{6D56B9CC-AAD9-4A66-8F52-C3CA0DAF5BD9}.Release|x64.ActiveCfg = Release|x64
		{6D56B9CC-AAD9-4A66-8F52-C3CA0DAF5BD9}.Release|x64.Build.0 = Release|x64
		{6D56B9CC-AAD9-4A66-8F52-C3CA0DAF5BD9}.Release|x86.ActiveCfg = Release|x86
		{6D56B9CC-AAD9-4A66-8F52-C3CA0DAF5BD9}.Release|x86.Build.0 = Release|x86
		{F90ACCB0-9529-4A89-9924-48DE33E773EE}.Debug|x64.ActiveCfg = Debug|x64
		{F90ACCB0-9529-4A89-9924-48DE33E773EE}.Debug|x64.Build.0 = Debug|x64
		{F90ACCB0-9529-4A89-9924-48DE33E773EE}.Debug|x86.ActiveCfg = Debug|x86
		{F90ACCB0-9529-4A89-9924-48DE33E773EE}.Debug|x86.Build.0 = Debug|x86
		{F90ACCB0-9529-4A89-9924-48DE33E773EE}.Release|x64.ActiveCfg = Release|x64
		{F90ACCB0-9529-4A89-9924-48DE33E773EE}.Release|x64.Build.0 = Release|x64
		{F90ACCB0-9529-4A89-9924-48DE33E773EE}.Release|x86.ActiveCfg = Release|x86
		{F90ACCB0-9529-4A89-9924-48DE33E773EE}.Release|x86.Build.0 = Release|x86
		{89A56F55-2545-4DAE-877C-9FB56E619A45}.Debug|x64.ActiveCfg = Debug|x64
		{89A56F55-2545-4DAE-877C-9FB56E619A45}.Debug|x64.Build.0 = Debug|x64
		{89A56F55-2545-4DAE-877C-9FB56E619A45}.Debug|x86.ActiveCfg = Debug|x86
		{89A56F55-2545-4DAE-877C-9FB56E619A45}.Debug|x86.Build.0 = Debug|x86
		{89A56F55-2545-4DAE-877C-9FB56E619A45}.Release|x64.ActiveCfg = Release|x64
		{89A56F55-2545-4DAE-877C-9FB56E619A45}.Release|x64.Build.0 = Release|x64
		{89A56F55-2545-4DAE-877C-9FB56E619A45}.Release|x86.ActiveCfg = Release|x86
		{89A56F55-2545-4DAE-877C-9FB56E619A45}.Release|x86.Build.0 = Release|x86
		{E91E99B2-EF51-451D-83D0-21205FB4224F}.Debug|x64.ActiveCfg = Debug|x64
		{E91E99B2-EF51-451D-83D0-21205FB4224F}.Debug|x64.Build.0 = Debug|x64
		{E91E99B2-EF51-451D-83D0-21205FB4224F}.Debug|x86.ActiveCfg = Debug|x86
		{E91E99B2-EF51-451D-83D0-21205FB4224F}.Debug|x86.Build.0 = Debug|x86
		{E91E99B2-EF51-451D-83D0-21205FB4224F}.Release|x64.ActiveCfg = Release|x64
		{E91E99B2-EF51-451D-83D0-21205FB4224F}.Release|x64.Build.0 = Release|x64
		{E91E99B2-EF51-451D-83D0-21205FB4224F}.Release|x86.ActiveCfg = Release|x86
		{E91E99B2-EF51-451D-83D0-21205FB4224F}.Release|x86.Build.0 = Release|x86
		{2D65F681-CA18-4155-8D4C-B7B81529081C}.Debug|x64.ActiveCfg = Debug|x64
		{2D65F681-CA18-4155-8D4C-B7B81529081C}.Debug|x64.Build.0 = Debug|x64
		{2D65F681-CA18-4155-8D4C-B7B81529081C}.Debug|x86.ActiveCfg = Debug|x86
		{2D65F681-CA18-4155-8D4C-B7B81529081C}.Debug|x86.Build.0 = Debug|x86
		{2D65F681-CA18-4155-8D4C-B7B81529081C}.Release|x64.ActiveCfg = Release|x64
		{2D65F681-CA18-4155-8D4C-B7B81529081C}.Release|x64.Build.0 = Release|x64
		{2D65F681-CA18-4155-8D4C-B7B81529081C}.Release|x86.ActiveCfg = Release|x86
		{2D65F681-CA18-4155-8D4C-B7B81529081C}.Release|x86.Build.0 = Release|x86
		{891CFB8F-1752-4641-BD11-661B67914930}.Debug|x64.ActiveCfg = Debug|x64
		{891CFB8F-1752-4641-BD11-661B67914930}.Debug|x64.Build.0 = Debug|x64
		{891CFB8F-1752-4641-BD11-661B67914930}.Debug|x86.ActiveCfg = Debug|x86
		{891CFB8F-1752-4641-BD11-661B67914930}.Debug|x86.Build.0 = Debug|x86
		{891CFB8F-1752-4641-BD11-661B67914930}.Release|x64.ActiveCfg = Release|x64
		{891CFB8F-1752-4641-BD11-661B67914930}.Release|x64.Build.0 = Release|x64
		{891CFB8F-1752-4641-BD11-661B67914930}.Release|x86.ActiveCfg = Release|x86
		{891CFB8F-1752-4641-BD11-661B67914930}.Release|x86.Build.0 = Release|x86
		{15686B52-5426-418C-AB36-B35B729633E7}.Debug|x64.ActiveCfg = Debug|x64
		{15686B52-5426-418C-AB36-B35B729633E7}.Debug|x64.Build.0 = Debug|x64
		{15686B52-5426-418C-AB36-B35B729633E7}.Debug|x86.ActiveCfg = Debug|x86
		{15686B52-5426-418C-AB36-B35B729633E7}.Debug|x86.Build.0 = Debug|x86
		{15686B52-5426-418C-AB36-B35B729633E7}.Release|x64.ActiveCfg = Release|x64
		{15686B52-5426-418C-AB36-B35B729633E7}.Release|x64.Build.0 = Release|x64
		{15686B52-5426-418C-AB36-B35B729633E7}.Release|x86.ActiveCfg = Release|x86
		{15686B52-5426-418C-AB36-B35B729633E7}.Release|x86.Build.0 = Release|x86
		{0193257B-0209-4373-8A70-1F845490A869}.Debug|x64.ActiveCfg = Debug|x64
		{0193257B-0209-4373-8A70-1F845490A869}.Debug|x64.Build.0 = Debug|x64
		{0193257B-0209-4373-8A70-1F845490A869}.Debug|x86.ActiveCfg = Debug|x86
		{0193257B-0209-4373-8A70-1F845490A869}.Debug|x86.Build.0 = Debug|x86
		{0193257B-0209-4373-8A70-1F845490A869}.Release|x64.ActiveCfg = Release|x64
		{0193257B-0209-4373-8A70-1F845490A869}.Release|x64.Build.0 = Release|x64
		{0193257B-0209-4373-8A70-1F845490A869}.Release|x86.ActiveCfg = Release|x86
		{0193257B-0209-4373-8A70-1F845490A869}.Release|x86.Build.0 = Release|x86
		{7F28798E-B8E1-4B89-87F4-D66502714C22}.Debug|x64.ActiveCfg = Debug|x64
		{7F28798E-B8E1-4B89-87F4-D66502714C22}.Debug|x64.Build.0 = Debug|x64
		{7F28798E-B8E1-4B89-87F4-D66502714C22}.Debug|x86.ActiveCfg = Debug|x86
		{7F28798E-B8E1-4B89-87F4-D66502714C22}.Debug|x86.Build.0 = Debug|x86
		{7F28798E-B8E1-4B89-87F4-D66502714C22}.Release|x64.ActiveCfg = Release|x64
		{7F28798E-B8E1-4B89-87F4-D66502714C22}.Release|x64.Build.0 = Release|x64
		{7F28798E-B8E1-4B89-87F4-D66502714C22}.Release|x86.ActiveCfg = Release|x86
		{7F28798E-B8E1-4B89-87F4-D66502714C22}.Release|x86.Build.0 = Release|x86
		{DDD70868-6DC9-49AA-96A0-84D40B4FA711}.Debug|x64.ActiveCfg = Debug|x64
		{DDD70868-6DC9-49AA-96A0-84D40B4FA711}.Debug|x64.Build.0 = Debug|x64
		{DDD70868-6DC9-49AA-96A0-84D40B4FA711}.Debug|x86.ActiveCfg = Debug|x86
		{DDD70868-6DC9-49AA-96A0-84D40B4FA711}.Debug|x86.Build.0 = Debug|x86
		{DDD70868-6DC9-49AA-96A0-84D40B4FA711}.Release|x64.ActiveCfg = Release|x64
		{DDD70868-6DC9-49AA-96A0-84D40B4FA711}.Release|x64.Build.0 = Release|x64
		{DDD70868-6DC9-49AA-96A0-84D40B4FA711}.Release|x86.ActiveCfg = Release|x86
		{DDD70868-6DC9-49AA-96A0-84D40B4FA711}.Release|x86.Build.0 = Release|x86
		{4116E2E8-369A-4198-A743-7EA97A4EC45D}.Debug|x64.ActiveCfg = Debug|x64
		{4116E2E8-369A-4198-A743-7EA97A4EC45D}.Debug|x64.Build.0 = Debug|x64
		{4116E2E8-369A-4198-A743-7EA97A4EC45D}.Debug|x86.ActiveCfg = Debug|x86
		{4116E2E8-369A-4198-A743-7EA97A4EC45D}.Debug|x86.Build.0 = Debug|x86
		{4116E2E8-369A-4198-A743-7EA97A4EC45D}.Release|x64.ActiveCfg = Release|x64
		{4116E2E8-369A-4198-A743-7EA97A4EC45D}.Release|x64.Build.0 = Release|x64
		{4116E2E8-369A-4198-A743-7EA97A4EC45D}.Release|x86.ActiveCfg = Release|x86
		{4116E2E8-369A-4198-A743-7EA97A4EC45D}.Release|x86.Build.0 = Release|x86
		{916E9584-4740-43DF-99DF-BF0FB6F2C39F}.Debug|x64.ActiveCfg = Debug|x64
		{916E9584-4740-43DF-99DF-BF0FB6F2C39F}.Debug|x64.Build.0 = Debug|x64
		{916E9584-4740-43DF-99DF-BF0FB6F2C39F}.Debug|x86.ActiveCfg = Debug|x86
		{916E9584-4740-43DF-99DF-BF0FB6F2C39F}.Debug|x86.Build.0 = Debug|x86
		{916E9584-4740-43DF-99DF-BF0FB6F2C39F}.Release|x64.ActiveCfg = Release|x64
		{916E9584-4740-43DF-99DF-BF0FB6F2C39F}.Release|x64.Build.0 = Release|x64
		{916E9584-4740-43DF-99DF-BF0FB6F2C39F}.Release|x86.ActiveCfg = Release|x86
		{916E9584-4740-43DF-99DF-BF0FB6F2C39F}.Release|x86.Build.0 = Release|x86
		{1585D88B-E073-42BF-90C7-E6C1F07392D6}.Debug|x64.ActiveCfg = Debug|x64
		{1585D88B-E073-42BF-90C7-E6C1F07392D6}.Debug|x64.Build.0 = Debug|x64
		{1585D88B-E073-42BF-90C7-E6C1F07392D6}.Debug|x86.ActiveCfg = Debug|x86
		{1585D88B-E073-42BF-90C7-E6C1F07392D6}.Debug|x86.Build.0 = Debug|x86
		{1585D88B-E073-42BF-90C7-E6C1F07392D6}.Release|x64.ActiveCfg = Release|x64
		{1585D88B-E073-42BF-90C7-E6C1F07392D6}.Release|x64.Build.0 = Release|x64
		{1585D88B-E073-42BF-90C7-E6C1F07392D6}.Release|x86.ActiveCfg = Release|x86
		{1585D88B-E073-42BF-90C7-E6C1F07392D6}.Release|x86.Build.0 = Release|x86
		{135A8FB0-DF86-4575-B2A2-1746B7C1650E}.Debug|x64.ActiveCfg = Debug|x64
		{135A8FB0-DF86-4575-B2A2-1746B7C1650E}.Debug|x64.Build.0 = Debug|x64
		{135A8FB0-DF86-4575-B2A2-1746B7C1650E}.Debug|x86.ActiveCfg = Debug|x86
		{135A8FB0-DF86-4575-B2A2-1746B7C1650E}.Debug|x86.Build.0 = Debug|x86
		{135A8FB0-DF86-4575-B2A2-1746B7C1650E}.Release|x64.ActiveCfg = Release|x64
		{135A8FB0-DF86-4575-B2A2-1746B7C1650E}.Release|x64.Build.0 = Release|x64
		{135A8FB0-DF86-4575-B2A2-1746B7C1650E}.Release|x86.ActiveCfg = Release|x86
		{135A8FB0-DF86-4575-B2A2-1746B7C1650E}.Release|x86.Build.0 = Release|x86
		{AC27A997-FB38-4BBE-A9BF-E55DBAF0BF77}.Debug|x64.ActiveCfg = Debug|x64
		{AC27A997-FB38-4BBE-A9BF-E55DBAF0BF77}.Debug|x64.Build.0 = Debug|x64
		{AC27A997-FB38-4BBE-A9BF-E55DBAF0BF77}.Debug|x86.ActiveCfg = Debug|x86
		{AC27A997-FB38-4BBE-A9BF-E55DBAF0BF77}.Debug|x86.Build.0 = Debug|x86
		{AC27A997-FB38-4BBE-A9BF-E55DBAF0BF77}.Release|x64.ActiveCfg = Release|x64
		{AC27A997-FB38-4BBE-A9BF-E55DBAF0BF77}.Release|x64.Build.0 = Release|x64
		{AC27A997-FB38-4BBE-A9BF-E55DBAF0BF77}.Release|x86.ActiveCfg = Release|x86
		{AC27A997-FB38-4BBE-A9BF-E55DBAF0BF77}.Release|x86.Build.0 = Release|x86
		{569EA841-AA2C-4B8C-8D3A-647EDF57322D}.Debug|x64.ActiveCfg = Debug|x64
		{569EA841-AA2C-4B8C-8D3A-647EDF57322D}.Debug|x64.Build.0 = Debug|x64
		{569EA841-AA2C-4B8C-8D3A-647EDF57322D}.Debug|x86.ActiveCfg = Debug|x86
		{569EA841-AA2C-4B8C-8D3A-647EDF57322D}.Debug|x86.Build.0 = Debug|x86
		{569EA841-AA2C-4B8C-8D3A-647EDF57322D}.Release|x64.ActiveCfg = Release|x64
		{569EA841-AA2C-4B8C-8D3A-647EDF57322D}.Release|x64.Build.0 = Release|x64
		{569EA841-AA2C-4B8C-8D3A-647EDF57322D}.Release|x86.ActiveCfg = Release|x86
		{569EA841-AA2C-4B8C-8D3A-647EDF57322D}.Release|x86.Build.0 = Release|x86
		{1C05A69F-AD75-4CAD-973F-058D0ECB515D}.Debug|x64.ActiveCfg = Debug|x64
		{1C05A69F-AD75-4CAD-973F-058D0ECB515D}.Debug|x64.Build.0 = Debug|x64
		{1C05A69F-AD75-4CAD-973F-058D0ECB515D}.Debug|x86.ActiveCfg = Debug|x86
		{1C05A69F-AD75-4CAD-973F-058D0ECB515D}.Debug|x86.Build.0 = Debug|x86
		{1C05A69F-AD75-4CAD-973F-058D0ECB515D}.Release|x64.ActiveCfg = Release|x64
		{1C05A69F-AD75-4CAD-973F-058D0ECB515D}.Release|x64.Build.0 = Release|x64
		{1C05A69F-AD75-4CAD-973F-058D0ECB515D}.Release|x86.ActiveCfg = Release|x86
		{1C05A69F-AD75-4CAD-973F-058D0ECB515D}.Release|x86.Build.0 = Release|x86
		{50E1E3A3-8BE0-4EF6-BD68-C5317A68B1BD}.Debug|x64.ActiveCfg = Debug|x64
		{50E1E3A3-8BE0-4EF6-BD68-C5317A68B1BD}.Debug|x64.Build.0 = Debug|x64
		{50E1E3A3-8BE0-4EF6-BD68-C5317A68B1BD}.Debug|x86.ActiveCfg = Debug|x86
		{50E1E3A3-8BE0-4EF6-BD68-C5317A68B1BD}.Debug|x86.Build.0 = Debug|x86
		{50E1E3A3-8BE0-4EF6-BD68-C5317A68B1BD}.Release|x64.ActiveCfg = Release|x64
		{50E1E3A3-8BE0-4EF6-BD68-C5317A68B1BD}.Release|x64.Build.0 = Release|x64
		{50E1E3A3-8BE0-4EF6-BD68-C5317A68B1BD}.Release|x86.ActiveCfg = Release|x86
		{50E1E3A3-8BE0-4EF6-BD68-C5317A68B1BD}.Release|x86.Build.0 = Release|x86
		{E85E5BD6-BD2D-4A76-9E61-101DB951E116}.Debug|x64.ActiveCfg = Debug|x64
		{E85E5BD6-BD2D-4A76-9E61-101DB951E116}.Debug|x64.Build.0 = Debug|x64
		{E85E5BD6-BD2D-4A76-9E61-101DB951E116}.Debug|x86.ActiveCfg = Debug|x86
		{E85E5BD6-BD2D-4A76-9E61-101DB951E116}.Debug|x86.Build.0 = Debug|x86
		{E85E5BD6-BD2D-4A76-9E61-101DB951E116}.Release|x64.ActiveCfg = Release|x64
		{E85E5BD6-BD2D-4A76-9E61-101DB951E116}.Release|x64.Build.0 = Release|x64
		{E85E5BD6-BD2D-4A76-9E61-101DB951E116}.Release|x86.ActiveCfg = Release|x86
		{E85E5BD6-BD2D-4A76-9E61-101DB951E116}.Release|x86.Build.0 = Release|x86
		{7355D49B-28C4-4C23-AA11-A29E55DB68FA}.Debug|x64.ActiveCfg = Debug|x64
		{7355D49B-28C4-4C23-AA11-A29E55DB68FA}.Debug|x64.Build.0 = Debug|x64
		{7355D49B-28C4-4C23-AA11-A29E55DB68FA}.Debug|x86.ActiveCfg = Debug|x86
		{7355D49B-28C4-4C23-AA11-A29E55DB68FA}.Debug|x86.Build.0 = Debug|x86
		{7355D49B-28C4-4C23-AA11-A29E55DB68FA}.Release|x64.ActiveCfg = Release|x64
		{7355D49B-28C4-4C23-AA11-A29E55DB68FA}.Release|x64.Build.0 = Release|x64
		{7355D49B-28C4-4C23-AA11-A29E55DB68FA}.Release|x86.ActiveCfg = Release|x86
		{7355D49B-28C4-4C23-AA11-A29E55DB68FA}.Release|x86.Build.0 = Release|x86
		{4966140B-48D3-408F-BC94-764B2057295A}.Debug|x64.ActiveCfg = Debug|x64
		{4966140B-48D3-408F-BC94-764B2057295A}.Debug|x64.Build.0 = Debug|x64
		{4966140B-48D3-408F-BC94-764B2057295A}.Debug|x86.ActiveCfg = Debug|x86
		{4966140B-48D3-408F-BC94-764B2057295A}.Debug|x86.Build.0 = Debug|x86
		{4966140B-48D3-408F-BC94-764B2057295A}.Release|x64.ActiveCfg = Release|x64
		{4966140B-48D3-408F-BC94-764B2057295A}.Release|x64.Build.0 = Release|x64
		{4966140B-48D3-408F-BC94-764B2057295A}.Release|x86.ActiveCfg = Release|x86
		{4966140B-48D3-408F-BC94-764B2057295A}.Release|x86.Build.0 = Release|x86
		{8CE5050B-796D-4C9E-ADD4-023F6A18A0D9}.Debug|x64.ActiveCfg = Debug|x64
		{8CE5050B-796D-4C9E-ADD4-023F6A18A0D9}.Debug|x64.Build.0 = Debug|x64
		{8CE5050B-796D-4C9E-ADD4-023F6A18A0D9}.Debug|x86.ActiveCfg = Debug|x86
		{8CE5050B-796D-4C9E-ADD4-023F6A18A0D9}.Debug|x86.Build.0 = Debug|x86
		{8CE5050B-796D-4C9E-ADD4-023F6A18A0D9}.Release|x64.ActiveCfg = Release|x64
		{8CE5050B-796D-4C9E-ADD4-023F6A18A0D9}.Release|x64.Build.0 = Release|x64
		{8CE5050B-796D-4C9E-ADD4-023F6A18A0D9}.Release|x86.ActiveCfg = Release|x86
		{8CE5050B-796D-4C9E-ADD4-023F6A18A0D9}.Release|x86.Build.0 = Release|x86
		{C6EDFC8D-0CF3-4596-8244-364B7DFA8B17}.Debug|x64.ActiveCfg = Debug|x64
		{C6EDFC8D-0CF3-4596-8244-364B7DFA8B17}.Debug|x64.Build.0 = Debug|x64
		{C6EDFC8D-0CF3-4596-8244-364B7DFA8B17}.Debug|x86.ActiveCfg = Debug|x86
		{C6EDFC8D-0CF3-4596-8244-364B7DFA8B17}.Debug|x86.Build.0 = Debug|x86
		{C6EDFC8D-0CF3-4596-8244-364B7DFA8B17}.Release|x64.ActiveCfg = Release|x64
		{C6EDFC8D-0CF3-4596-8244-364B7DFA8B17}.Release|x64.Build.0 = Release|x64
		{C6EDFC8D-0CF3-4596-8244-364B7DFA8B17}.Release|x86.ActiveCfg = Release|x86
		{C6EDFC8D-0CF3-4596-8244-364B7DFA8B17}.Release|x86.Build.0 = Release|x86
		{904BC65F-5B86-40B1-B4DC-7FCCBEC73A18}.Debug|x64.ActiveCfg = Debug|x64
		{904BC65F-5B86-40B1-B4DC-7FCCBEC73A18}.Debug|x64.Build.0 = Debug|x64
		{904BC65F-5B86-40B1-B4DC-7FCCBEC73A18}.Debug|x86.ActiveCfg = Debug|x86
		{904BC65F-5B86-40B1-B4DC-7FCCBEC73A18}.Debug|x86.Build.0 = Debug|x86
		{904BC65F-5B86-40B1-B4DC-7FCCBEC73A18}.Release|x64.ActiveCfg = Release|x64
		{904BC65F-5B86-40B1-B4DC-7FCCBEC73A18}.Release|x64.Build.0 = Release|x64
		{904BC65F-5B86-40B1-B4DC-7FCCBEC73A18}.Release|x86.ActiveCfg = Release|x86
		{904BC65F-5B86-40B1-B4DC-7FCCBEC73A18}.Release|x86.Build.0 = Release|x86
		{C8B96F51-9685-4935-B7ED-A5EFE1441581}.Debug|x64.ActiveCfg = Debug|x64
		{C8B96F51-9685-4935-B7ED-A5EFE1441581}.Debug|x64.Build.0 = Debug|x64
		{C8B96F51-9685-4935-B7ED-A5EFE1441581}.Debug|x86.ActiveCfg = Debug|x86
		{C8B96F51-9685-4935-B7ED-A5EFE1441581}.Debug|x86.Build.0 = Debug|x86
		{C8B96F51-9685-4935-B7ED-A5EFE1441581}.Release|x64.ActiveCfg = Release|x64
		{C8B96F51-9685-4935-B7ED-A5EFE1441581}.Release|x64.Build.0 = Release|x64
		{C8B96F51-9685-4935-B7ED-A5EFE1441581}.Release|x86.ActiveCfg = Release|x86
		{C8B96F51-9685-4935-B7ED-A5EFE1441581}.Release|x86.Build.0 = Release|x86
		{C53C9FC7-DFB8-4243-BEBB-4CADA5E7EA15}.Debug|x64.ActiveCfg = Debug|x64
		{C53C9FC7-DFB8-4243-BEBB-4CADA5E7EA15}.Debug|x64.Build.0 = Debug|x64
		{C53C9FC7-DFB8-4243-BEBB-4CADA5E7EA15}.Debug|x86.ActiveCfg = Debug|x86
		{C53C9FC7-DFB8-4243-BEBB-4CADA5E7EA15}.Debug|x86.Build.0 = Debug|x86
		{C53C9FC7-DFB8-4243-BEBB-4CADA5E7EA15}.Release|x64.ActiveCfg = Release|x64
		{C53C9FC7-DFB8-4243-BEBB-4CADA5E7EA15}.Release|x64.Build.0 = Release|x64
		{C53C9FC7-DFB8-4243-BEBB-4CADA5E7EA15}.Release|x86.ActiveCfg = Release|x86
		{C53C9FC7-DFB8-4243-BEBB-4CADA5E7EA15}.Release|x86.Build.0 = Release|x86
		{AB2DA9CF-B630-473E-B005-12A56996A34A}.Debug|x64.ActiveCfg = Debug|x64
		{AB2DA9CF-B630-473E-B005-12A56996A34A}.Debug|x64.Build.0 = Debug|x64
		{AB2DA9CF-B630-473E-B005-12A56996A34A}.Debug|x86.ActiveCfg = Debug|x86
		{AB2DA9CF-B630-473E-B005-12A56996A34A}.Debug|x86.Build.0 = Debug|x86
		{AB2DA9CF-B630-473E-B005-12A56996A34A}.Release|x64.ActiveCfg = Release|x64
		{AB2DA9CF-B630-473E-B005-12A56996A34A}.Release|x64.Build.0 = Release|x64
		{AB2DA9CF-B630-473E-B005-12A56996A34A}.Release|x86.ActiveCfg = Release|x86
		{AB2DA9CF-B630-473E-B005-12A56996A34A}.Release|x86.Build.0 = Release|x86
		{1E9DD286-EBDF-4716-886E-C946D09B98D3}.Debug|x64.ActiveCfg = Debug|x64
		{1E9DD286-EBDF-4716-886E-C946D09B98D3}.Debug|x64.Build.0 = Debug|x64
		{1E9DD286-EBDF-4716-886E-C946D09B98D3}.Debug|x86.ActiveCfg = Debug|x86
		{1E9DD286-EBDF-4716-886E-C946D09B98D3}.Debug|x86.Build.0 = Debug|x86
		{1E9DD286-EBDF-4716-886E-C946D09B98D3}.Release|x64.ActiveCfg = Release|x64
		{1E9DD286-EBDF-4716-886E-C946D09B98D3}.Release|x64.Build.0 = Release|x64
		{1E9DD286-EBDF-4716-886E-C946D09B98D3}.Release|x86.ActiveCfg = Release|x86
		{1E9DD286-EBDF-4716-886E-C946D09B98D3}.Release|x86.Build.0 = Release|x86
		{E8873D95-C86E-4231-9D86-857ABEA10DE5}.Debug|x64.ActiveCfg = Debug|x64
		{E8873D95-C86E-4231-9D86-857ABEA10DE5}.Debug|x64.Build.0 = Debug|x64
		{E8873D95-C86E-4231-9D86-857ABEA10DE5}.Debug|x86.ActiveCfg = Debug|x86
		{E8873D95-C86E-4231-9D86-857ABEA10DE5}.Debug|x86.Build.0 = Debug|x86
		{E8873D95-C86E-4231-9D86-857ABEA10DE5}.Release|x64.ActiveCfg = Release|x64
		{E8873D95-C86E-4231-9D86-857ABEA10DE5}.Release|x64.Build.0 = Release|x64
		{E8873D95-C86E-4231-9D86-857ABEA10DE5}.Release|x86.ActiveCfg = Release|x86
		{E8873D95-C86E-4231-9D86-857ABEA10DE5}.Release|x86.Build.0 = Release|x86
		{AB68DBFB-CB2A-4688-9AC3-F907058C21A5}.Debug|x64.ActiveCfg = Debug|x64
		{AB68DBFB-CB2A-4688-9AC3-F907058C21A5}.Debug|x64.Build.0 = Debug|x64
		{AB68DBFB-CB2A-4688-9AC3-F907058C21A5}.Debug|x86.ActiveCfg = Debug|x86
		{AB68DBFB-CB2A-4688-9AC3-F907058C21A5}.Debug|x86.Build.0 = Debug|x86
		{AB68DBFB-CB2A-4688-9AC3-F907058C21A5}.Release|x64.ActiveCfg = Release|x64
		{AB68DBFB-CB2A-4688-9AC3-F907058C21A5}.Release|x64.Build.0 = Release|x64
		{AB68DBFB-CB2A-4688-9AC3-F907058C21A5}.Release|x86.ActiveCfg = Release|x86
		{AB68DBFB-CB2A-4688-9AC3-F907058C21A5}.Release|x86.Build.0 = Release|x86
		{FDDFFF6F-3FF5-4A76-A97D-6C3AFF3E8AA8}.Debug|x64.ActiveCfg = Debug|x64
		{FDDFFF6F-3FF5-4A76-A97D-6C3AFF3E8AA8}.Debug|x64.Build.0 = Debug|x64
		{FDDFFF6F-3FF5-4A76-A97D-6C3AFF3E8AA8}.Debug|x86.ActiveCfg = Debug|x86
		{FDDFFF6F-3FF5-4A76-A97D-6C3AFF3E8AA8}.Debug|x86.Build.0 = Debug|x86
		{FDDFFF6F-3FF5-4A76-A97D-6C3AFF3E8AA8}.Release|x64.ActiveCfg = Release|x64
		{FDDFFF6F-3FF5-4A76-A97D-6C3AFF3E8AA8}.Release|x64.Build.0 = Release|x64
		{FDDFFF6F-3FF5-4A76-A97D-6C3AFF3E8AA8}.Release|x86.ActiveCfg = Release|x86
		{FDDFFF6F-3FF5-4A76-A97D-6C3AFF3E8AA8}.Release|x86.Build.0 = Release|x86
		{1BA1D9B3-6127-4F93-A763-7661CD809B3F}.Debug|x64.ActiveCfg = Debug|x64
		{1BA1D9B3-6127-4F93-A763-7661CD809B3F}.Debug|x64.Build.0 = Debug|x64
		{1BA1D9B3-6127-4F93-A763-7661CD809B3F}.Debug|x86.ActiveCfg = Debug|x86
		{1BA1D9B3-6127-4F93-A763-7661CD809B3F}.Debug|x86.Build.0 = Debug|x86
		{1BA1D9B3-6127-4F93-A763-7661CD809B3F}.Release|x64.ActiveCfg = Release|x64
		{1BA1D9B3-6127-4F93-A763-7661CD809B3F}.Release|x64.Build.0 = Release|x64
		{1BA1D9B3-6127-4F93-A763-7661CD809B3F}.Release|x86.ActiveCfg = Release|x86
		{1BA1D9B3-6127-4F93-A763-7661CD809B3F}.Release|x86.Build.0 = Release|x86
		{B8104D3A-83AC-4E57-94C9-79408C437B53}.Debug|x64.ActiveCfg = Debug|x64
		{B8104D3A-83AC-4E57-94C9-79408C437B53}.Debug|x64.Build.0 = Debug|x64
		{B8104D3A-83AC-4E57-94C9-79408C437B53}.Debug|x86.ActiveCfg = Debug|x86
		{B8104D3A-83AC-4E57-94C9-79408C437B53}.Debug|x86.Build.0 = Debug|x86
		{B8104D3A-83AC-4E57-94C9-79408C437B53}.Release|x64.ActiveCfg = Release|x64
		{B8104D3A-83AC-4E57-94C9-79408C437B53}.Release|x64.Build.0 = Release|x64
		{B8104D3A-83AC-4E57-94C9-79408C437B53}.Release|x86.ActiveCfg = Release|x86
		{B8104D3A-83AC-4E57-94C9-79408C437B53}.Release|x86.Build.0 = Release|x86
		{F4419217-55C2-4716-8F0A-4C6E3A28BEEB}.Debug|x64.ActiveCfg = Debug|x64
		{F4419217-55C2-4716-8F0A-4C6E3A28BEEB}.Debug|x64.Build.0 = Debug|x64
		{F4419217-55C2-4716-8F0A-4C6E3A28BEEB}.Debug|x86.ActiveCfg = Debug|x86
		{F4419217-55C2-4716-8F0A-4C6E3A28BEEB}.Debug|x86.Build.0 = Debug|x86
		{F4419217-55C2-4716-8F0A-4C6E3A28BEEB}.Release|x64.ActiveCfg = Release|x64
		{F4419217-55C2-4716-8F0A-4C6E3A28BEEB}.Release|x64.Build.0 = Release|x64
		{F4419217-55C2-4716-8F0A-4C6E3A28BEEB}.Release|x86.ActiveCfg = Release|x86
		{F4419217-55C2-4716-8F0A-4C6E3A28BEEB}.Release|x86.Build.0 = Release|x86
		{432D8885-E3AC-4A66-A99A-1A556B6BE3FC}.Debug|x64.ActiveCfg = Debug|x64
		{432D8885-E3AC-4A66-A99A-1A556B6BE3FC}.Debug|x64.Build.0 = Debug|x64
		{432D8885-E3AC-4A66-A99A-1A556B6BE3FC}.Debug|x86.ActiveCfg = Debug|x86
		{432D8885-E3AC-4A66-A99A-1A556B6BE3FC}.Debug|x86.Build.0 = Debug|x86
		{432D8885-E3AC-4A66-A99A-1A556B6BE3FC}.Release|x64.ActiveCfg = Release|x64
		{432D8885-E3AC-4A66-A99A-1A556B6BE3FC}.Release|x64.Build.0 = Release|x64
		{432D8885-E3AC-4A66-A99A-1A556B6BE3FC}.Release|x86.ActiveCfg = Release|x86
		{432D8885-E3AC-4A66-A99A-1A556B6BE3FC}.Release|x86.Build.0 = Release|x86
	EndGlobalSection
	GlobalSection(SolutionProperties) = preSolution
		HideSolutionNode = FALSE
	EndGlobalSection
EndGlobal
