
Microsoft Visual Studio Solution File, Format Version 12.00
# Visual Studio Version 17
VisualStudioVersion = 17.12.35707.178
MinimumVisualStudioVersion = 10.0.40219.1
Project("{FAE04EC0-301F-11D3-BF4B-00C04F79EFBC}") = "GitHubManager", "GitHubManager\GitHubManager.csproj", "{0995BF88-2F2C-4D98-9F6F-08165CF63F30}"
EndProject
Project("{2150E333-8FDC-42A3-9474-1A3956D46DE8}") = "Solution Items", "Solution Items", "{7CE168AA-B50E-4B13-88E2-CEC975F67D59}"
	ProjectSection(SolutionItems) = preProject
		README.md = README.md
	EndProjectSection
EndProject
Project("{FAE04EC0-301F-11D3-BF4B-00C04F79EFBC}") = "xyLOGIX.Core.Debug", "..\xyLOGIX.Core.Debug.VS2019\xyLOGIX.Core.Debug\xyLOGIX.Core.Debug.csproj", "{C445C052-26B6-4884-9A7B-25DC7ABC0DED}"
EndProject
Project("{FAE04EC0-301F-11D3-BF4B-00C04F79EFBC}") = "xyLOGIX.Collections.Synchronized", "..\xyLOGIX.Collections.Synchronized.VS2019\xyLOGIX.Collections.Synchronized\xyLOGIX.Collections.Synchronized.csproj", "{33FD8195-DDE4-4245-9EDA-35836CAA40C5}"
EndProject
Project("{FAE04EC0-301F-11D3-BF4B-00C04F79EFBC}") = "xyLOGIX.Core.Extensions", "..\xyLOGIX.Core.Extensions.VS2019\xyLOGIX.Core.Extensions\xyLOGIX.Core.Extensions.csproj", "{5528D7FB-B88B-4E9D-9BBD-B6B6B893666A}"
EndProject
Project("{FAE04EC0-301F-11D3-BF4B-00C04F79EFBC}") = "xyLOGIX.Core.Extensions.Providers", "..\xyLOGIX.Core.Extensions.VS2019\xyLOGIX.Core.Extensions.Providers\xyLOGIX.Core.Extensions.Providers.csproj", "{EA03D76A-0A2F-4BDE-9690-92F82AF551D7}"
EndProject
Project("{FAE04EC0-301F-11D3-BF4B-00C04F79EFBC}") = "xyLOGIX.Core.Extensions.Providers.Factories", "..\xyLOGIX.Core.Extensions.VS2019\xyLOGIX.Core.Extensions.Providers.Factories\xyLOGIX.Core.Extensions.Providers.Factories.csproj", "{EA3A9AB0-6AFD-456D-BB58-F50E5C8001DD}"
EndProject
Project("{FAE04EC0-301F-11D3-BF4B-00C04F79EFBC}") = "xyLOGIX.Core.Extensions.Providers.Interfaces", "..\xyLOGIX.Core.Extensions.VS2019\xyLOGIX.Core.Extensions.Providers.Interfaces\xyLOGIX.Core.Extensions.Providers.Interfaces.csproj", "{1FF580E3-D9C2-48B7-917E-53C340BF16EC}"
EndProject
Project("{FAE04EC0-301F-11D3-BF4B-00C04F79EFBC}") = "xyLOGIX.Core.Assemblies.Info", "..\xyLOGIX.Core.Assemblies.Info.VS2019\xyLOGIX.Core.Assemblies.Info\xyLOGIX.Core.Assemblies.Info.csproj", "{1611C59B-1C1E-4F7C-A1CC-7F263DD31188}"
EndProject
Project("{FAE04EC0-301F-11D3-BF4B-00C04F79EFBC}") = "xyLOGIX.UI.Dark.Win32.Constants", "..\xyLOGIX.UI.Dark.VS2019\xyLOGIX.UI.Dark.Win32.Constants\xyLOGIX.UI.Dark.Win32.Constants.csproj", "{1B621CE5-6424-459D-8044-E7CC3CC5A9F2}"
EndProject
Project("{FAE04EC0-301F-11D3-BF4B-00C04F79EFBC}") = "xyLOGIX.UI.Dark.Win32", "..\xyLOGIX.UI.Dark.VS2019\xyLOGIX.UI.Dark.Win32\xyLOGIX.UI.Dark.Win32.csproj", "{D05762CE-79E2-4647-8AEB-BF3A0DF912EE}"
EndProject
Project("{FAE04EC0-301F-11D3-BF4B-00C04F79EFBC}") = "xyLOGIX.UI.Dark.Forms", "..\xyLOGIX.UI.Dark.VS2019\xyLOGIX.UI.Dark.Forms\xyLOGIX.UI.Dark.Forms.csproj", "{E88EC1DD-47DA-4EFF-A3C1-42E7A58E21AC}"
EndProject
Project("{FAE04EC0-301F-11D3-BF4B-00C04F79EFBC}") = "xyLOGIX.UI.Dark.Controls.Win32.Translators", "..\xyLOGIX.UI.Dark.VS2019\xyLOGIX.UI.Dark.Controls.Win32.Translators\xyLOGIX.UI.Dark.Controls.Win32.Translators.csproj", "{8680340C-9BBD-4E47-BFCE-5AE0EA93943B}"
EndProject
Project("{FAE04EC0-301F-11D3-BF4B-00C04F79EFBC}") = "xyLOGIX.UI.Dark.Controls.Win32.Constants", "..\xyLOGIX.UI.Dark.VS2019\xyLOGIX.UI.Dark.Controls.Win32.Constants\xyLOGIX.UI.Dark.Controls.Win32.Constants.csproj", "{0198C4D0-CEFE-4E45-9C31-2478BEFCA680}"
EndProject
Project("{FAE04EC0-301F-11D3-BF4B-00C04F79EFBC}") = "xyLOGIX.UI.Dark.Controls.Win32", "..\xyLOGIX.UI.Dark.VS2019\xyLOGIX.UI.Dark.Controls.Win32\xyLOGIX.UI.Dark.Controls.Win32.csproj", "{B30C2321-BBC4-41C3-BB4F-BEB237355B05}"
EndProject
Project("{FAE04EC0-301F-11D3-BF4B-00C04F79EFBC}") = "xyLOGIX.UI.Dark.Controls.States.Interfaces", "..\xyLOGIX.UI.Dark.VS2019\xyLOGIX.UI.Dark.Controls.States.Interfaces\xyLOGIX.UI.Dark.Controls.States.Interfaces.csproj", "{8F658841-D5BD-4A2D-AC9C-7BC139669D00}"
EndProject
Project("{FAE04EC0-301F-11D3-BF4B-00C04F79EFBC}") = "xyLOGIX.UI.Dark.Controls.States.Factories", "..\xyLOGIX.UI.Dark.VS2019\xyLOGIX.UI.Dark.Controls.States.Factories\xyLOGIX.UI.Dark.Controls.States.Factories.csproj", "{D9FEE2DE-881C-494F-9135-1D8266274BA8}"
EndProject
Project("{FAE04EC0-301F-11D3-BF4B-00C04F79EFBC}") = "xyLOGIX.UI.Dark.Controls.States.Events", "..\xyLOGIX.UI.Dark.VS2019\xyLOGIX.UI.Dark.Controls.States.Events\xyLOGIX.UI.Dark.Controls.States.Events.csproj", "{8CCD9A35-3D14-4A13-AD60-57132F43E9C4}"
EndProject
Project("{FAE04EC0-301F-11D3-BF4B-00C04F79EFBC}") = "xyLOGIX.UI.Dark.Controls.States.Constants", "..\xyLOGIX.UI.Dark.VS2019\xyLOGIX.UI.Dark.Controls.States.Constants\xyLOGIX.UI.Dark.Controls.States.Constants.csproj", "{87FB8B17-FE8E-4F2A-B159-9498CD207CA3}"
EndProject
Project("{FAE04EC0-301F-11D3-BF4B-00C04F79EFBC}") = "xyLOGIX.UI.Dark.Controls.States", "..\xyLOGIX.UI.Dark.VS2019\xyLOGIX.UI.Dark.Controls.States\xyLOGIX.UI.Dark.Controls.States.csproj", "{6B0F812F-58C1-4840-8195-A71BC2CD9A4B}"
EndProject
Project("{FAE04EC0-301F-11D3-BF4B-00C04F79EFBC}") = "xyLOGIX.UI.Dark.Controls.Renderers.Interfaces", "..\xyLOGIX.UI.Dark.VS2019\xyLOGIX.UI.Dark.Controls.Renderers.Interfaces\xyLOGIX.UI.Dark.Controls.Renderers.Interfaces.csproj", "{9670B5A5-3D99-4B0B-965D-3037DC1C3983}"
EndProject
Project("{FAE04EC0-301F-11D3-BF4B-00C04F79EFBC}") = "xyLOGIX.UI.Dark.Controls.Renderers.Factories", "..\xyLOGIX.UI.Dark.VS2019\xyLOGIX.UI.Dark.Controls.Renderers.Factories\xyLOGIX.UI.Dark.Controls.Renderers.Factories.csproj", "{9A8032FB-1A94-4E6A-9A2D-CE4AA8C39CC3}"
EndProject
Project("{FAE04EC0-301F-11D3-BF4B-00C04F79EFBC}") = "xyLOGIX.UI.Dark.Controls.Renderers.Actions", "..\xyLOGIX.UI.Dark.VS2019\xyLOGIX.UI.Dark.Controls.Renderers.Actions\xyLOGIX.UI.Dark.Controls.Renderers.Actions.csproj", "{E0EC09B0-A0E2-4D28-B98B-F7B218784123}"
EndProject
Project("{FAE04EC0-301F-11D3-BF4B-00C04F79EFBC}") = "xyLOGIX.UI.Dark.Controls.Renderers", "..\xyLOGIX.UI.Dark.VS2019\xyLOGIX.UI.Dark.Controls.Renderers\xyLOGIX.UI.Dark.Controls.Renderers.csproj", "{6B3E1D9D-830A-4D28-9AD7-E95CF46218B0}"
EndProject
Project("{FAE04EC0-301F-11D3-BF4B-00C04F79EFBC}") = "xyLOGIX.UI.Dark.Controls.Interfaces", "..\xyLOGIX.UI.Dark.VS2019\xyLOGIX.UI.Dark.Controls.Interfaces\xyLOGIX.UI.Dark.Controls.Interfaces.csproj", "{A63CA76D-B2B3-42F7-A6C3-78E980B4C629}"
EndProject
Project("{FAE04EC0-301F-11D3-BF4B-00C04F79EFBC}") = "xyLOGIX.UI.Dark.Controls.Icons", "..\xyLOGIX.UI.Dark.VS2019\xyLOGIX.UI.Dark.Controls.Icons\xyLOGIX.UI.Dark.Controls.Icons.csproj", "{D4F8CABC-167C-4CDA-9516-C0E18B4ACF52}"
EndProject
Project("{FAE04EC0-301F-11D3-BF4B-00C04F79EFBC}") = "xyLOGIX.UI.Dark.Controls.Factories", "..\xyLOGIX.UI.Dark.VS2019\xyLOGIX.UI.Dark.Controls.Factories\xyLOGIX.UI.Dark.Controls.Factories.csproj", "{30C27905-201D-4EA9-B714-8360DD24E74A}"
EndProject
Project("{FAE04EC0-301F-11D3-BF4B-00C04F79EFBC}") = "xyLOGIX.UI.Dark.Controls.Extensions", "..\xyLOGIX.UI.Dark.VS2019\xyLOGIX.UI.Dark.Controls.Extensions\xyLOGIX.UI.Dark.Controls.Extensions.csproj", "{C4044803-195B-43DE-93BC-9891695348FE}"
EndProject
Project("{FAE04EC0-301F-11D3-BF4B-00C04F79EFBC}") = "xyLOGIX.UI.Dark.Controls.Events", "..\xyLOGIX.UI.Dark.VS2019\xyLOGIX.UI.Dark.Controls.Events\xyLOGIX.UI.Dark.Controls.Events.csproj", "{D7F88717-5E46-49E8-9E82-62D31FE1ECB8}"
EndProject
Project("{FAE04EC0-301F-11D3-BF4B-00C04F79EFBC}") = "xyLOGIX.UI.Dark.Controls.Designers", "..\xyLOGIX.UI.Dark.VS2019\xyLOGIX.UI.Dark.Controls.Designers\xyLOGIX.UI.Dark.Controls.Designers.csproj", "{95BACE9A-CCD5-4B08-A902-3CD930F72088}"
EndProject
Project("{FAE04EC0-301F-11D3-BF4B-00C04F79EFBC}") = "xyLOGIX.UI.Dark.Controls.Constants", "..\xyLOGIX.UI.Dark.VS2019\xyLOGIX.UI.Dark.Controls.Constants\xyLOGIX.UI.Dark.Controls.Constants.csproj", "{C06BCCCA-01DB-4E59-8BA5-6941AE345A92}"
EndProject
Project("{FAE04EC0-301F-11D3-BF4B-00C04F79EFBC}") = "xyLOGIX.UI.Dark.Controls.Collections.Events", "..\xyLOGIX.UI.Dark.VS2019\xyLOGIX.UI.Dark.Controls.Collections.Events\xyLOGIX.UI.Dark.Controls.Collections.Events.csproj", "{260D9F6E-08BA-4A20-BD4C-FE3E208307EC}"
EndProject
Project("{FAE04EC0-301F-11D3-BF4B-00C04F79EFBC}") = "xyLOGIX.UI.Dark.Controls.Collections", "..\xyLOGIX.UI.Dark.VS2019\xyLOGIX.UI.Dark.Controls.Collections\xyLOGIX.UI.Dark.Controls.Collections.csproj", "{11917EE0-79F6-469B-ABD2-9FB078FE083E}"
EndProject
Project("{FAE04EC0-301F-11D3-BF4B-00C04F79EFBC}") = "xyLOGIX.UI.Dark.Controls.Actions", "..\xyLOGIX.UI.Dark.VS2019\xyLOGIX.UI.Dark.Controls.Actions\xyLOGIX.UI.Dark.Controls.Actions.csproj", "{78A87EAF-E342-4318-AB26-D44015633243}"
EndProject
Project("{FAE04EC0-301F-11D3-BF4B-00C04F79EFBC}") = "xyLOGIX.UI.Dark.Controls", "..\xyLOGIX.UI.Dark.VS2019\xyLOGIX.UI.Dark.Controls\xyLOGIX.UI.Dark.Controls.csproj", "{9190559B-FB22-4E74-9130-5BFD3FFD6DAE}"
EndProject
Project("{FAE04EC0-301F-11D3-BF4B-00C04F79EFBC}") = "xyLOGIX.UI.Dark.Collections.Interfaces", "..\xyLOGIX.UI.Dark.VS2019\xyLOGIX.UI.Dark.Collections.Interfaces\xyLOGIX.UI.Dark.Collections.Interfaces.csproj", "{BE12E205-8416-44C4-88E8-C6C3B2DE313A}"
EndProject
Project("{FAE04EC0-301F-11D3-BF4B-00C04F79EFBC}") = "xyLOGIX.UI.Dark.Collections.Events", "..\xyLOGIX.UI.Dark.VS2019\xyLOGIX.UI.Dark.Collections.Events\xyLOGIX.UI.Dark.Collections.Events.csproj", "{81FC6400-8C3C-4BE5-80A0-EE4A76973684}"
EndProject
Project("{FAE04EC0-301F-11D3-BF4B-00C04F79EFBC}") = "xyLOGIX.UI.Dark.Collections", "..\xyLOGIX.UI.Dark.VS2019\xyLOGIX.UI.Dark.Collections\xyLOGIX.UI.Dark.Collections.csproj", "{F1F9A9A7-047F-4ED6-83F0-6804C6CBB327}"
EndProject
Project("{FAE04EC0-301F-11D3-BF4B-00C04F79EFBC}") = "xyLOGIX.Win32.Constants", "..\xyLOGIX.Win32\xyLOGIX.Win32.Constants\xyLOGIX.Win32.Constants.csproj", "{D7602741-2E90-4DA1-BD26-3903672DC71E}"
EndProject
Project("{FAE04EC0-301F-11D3-BF4B-00C04F79EFBC}") = "xyLOGIX.Win32", "..\xyLOGIX.Win32\xyLOGIX.Win32\xyLOGIX.Win32.csproj", "{4598EF65-0986-42DF-87F6-801FC44E7711}"
EndProject
Project("{FAE04EC0-301F-11D3-BF4B-00C04F79EFBC}") = "xyLOGIX.Win32.Interact", "..\xyLOGIX.Win32.Interact.VS2019\xyLOGIX.Win32.Interact\xyLOGIX.Win32.Interact.csproj", "{4E11B5C7-823F-46B4-8E46-CCB2947DC2C7}"
EndProject
Project("{FAE04EC0-301F-11D3-BF4B-00C04F79EFBC}") = "xyLOGIX.Core.Dialogs.Progress.Interfaces", "..\xyLOGIX.Core.Dialogs.Progress.VS2019\xyLOGIX.Core.Dialogs.Progress.Interfaces\xyLOGIX.Core.Dialogs.Progress.Interfaces.csproj", "{DB9DF2A9-EC4D-4032-B9A5-16F2EE0AAC79}"
EndProject
Project("{FAE04EC0-301F-11D3-BF4B-00C04F79EFBC}") = "xyLOGIX.Core.Dialogs.Progress.Factories", "..\xyLOGIX.Core.Dialogs.Progress.VS2019\xyLOGIX.Core.Dialogs.Progress.Factories\xyLOGIX.Core.Dialogs.Progress.Factories.csproj", "{E3617D29-E193-46A6-B085-DB14448F24CF}"
EndProject
Project("{FAE04EC0-301F-11D3-BF4B-00C04F79EFBC}") = "xyLOGIX.Core.Dialogs.Progress.Events", "..\xyLOGIX.Core.Dialogs.Progress.VS2019\xyLOGIX.Core.Dialogs.Progress.Events\xyLOGIX.Core.Dialogs.Progress.Events.csproj", "{506DA070-E9AC-401B-AEC9-B413FF50164E}"
EndProject
Project("{FAE04EC0-301F-11D3-BF4B-00C04F79EFBC}") = "xyLOGIX.Core.Dialogs.Progress.Displayers", "..\xyLOGIX.Core.Dialogs.Progress.VS2019\xyLOGIX.Core.Dialogs.Progress.Displayers\xyLOGIX.Core.Dialogs.Progress.Displayers.csproj", "{8083DC25-5ED0-4BE3-9926-E1BA2242EB8B}"
EndProject
Project("{FAE04EC0-301F-11D3-BF4B-00C04F79EFBC}") = "xyLOGIX.Core.Dialogs.Progress", "..\xyLOGIX.Core.Dialogs.Progress.VS2019\xyLOGIX.Core.Dialogs.Progress\xyLOGIX.Core.Dialogs.Progress.csproj", "{58D2A34D-9078-4F13-82E3-88E3616C3A2D}"
EndProject
Global
	GlobalSection(SolutionConfigurationPlatforms) = preSolution
		Debug|x64 = Debug|x64
		Debug|x86 = Debug|x86
		Release|x64 = Release|x64
		Release|x86 = Release|x86
	EndGlobalSection
	GlobalSection(ProjectConfigurationPlatforms) = postSolution
		{0995BF88-2F2C-4D98-9F6F-08165CF63F30}.Debug|x64.ActiveCfg = Debug|x64
		{0995BF88-2F2C-4D98-9F6F-08165CF63F30}.Debug|x64.Build.0 = Debug|x64
		{0995BF88-2F2C-4D98-9F6F-08165CF63F30}.Debug|x86.ActiveCfg = Debug|x86
		{0995BF88-2F2C-4D98-9F6F-08165CF63F30}.Debug|x86.Build.0 = Debug|x86
		{0995BF88-2F2C-4D98-9F6F-08165CF63F30}.Release|x64.ActiveCfg = Release|x64
		{0995BF88-2F2C-4D98-9F6F-08165CF63F30}.Release|x64.Build.0 = Release|x64
		{0995BF88-2F2C-4D98-9F6F-08165CF63F30}.Release|x86.ActiveCfg = Release|x86
		{0995BF88-2F2C-4D98-9F6F-08165CF63F30}.Release|x86.Build.0 = Release|x86
		{C445C052-26B6-4884-9A7B-25DC7ABC0DED}.Debug|x64.ActiveCfg = Debug|x64
		{C445C052-26B6-4884-9A7B-25DC7ABC0DED}.Debug|x64.Build.0 = Debug|x64
		{C445C052-26B6-4884-9A7B-25DC7ABC0DED}.Debug|x86.ActiveCfg = Debug|x86
		{C445C052-26B6-4884-9A7B-25DC7ABC0DED}.Debug|x86.Build.0 = Debug|x86
		{C445C052-26B6-4884-9A7B-25DC7ABC0DED}.Release|x64.ActiveCfg = Release|x64
		{C445C052-26B6-4884-9A7B-25DC7ABC0DED}.Release|x64.Build.0 = Release|x64
		{C445C052-26B6-4884-9A7B-25DC7ABC0DED}.Release|x86.ActiveCfg = Release|x86
		{C445C052-26B6-4884-9A7B-25DC7ABC0DED}.Release|x86.Build.0 = Release|x86
		{33FD8195-DDE4-4245-9EDA-35836CAA40C5}.Debug|x64.ActiveCfg = Debug|x64
		{33FD8195-DDE4-4245-9EDA-35836CAA40C5}.Debug|x64.Build.0 = Debug|x64
		{33FD8195-DDE4-4245-9EDA-35836CAA40C5}.Debug|x86.ActiveCfg = Debug|x86
		{33FD8195-DDE4-4245-9EDA-35836CAA40C5}.Debug|x86.Build.0 = Debug|x86
		{33FD8195-DDE4-4245-9EDA-35836CAA40C5}.Release|x64.ActiveCfg = Release|x64
		{33FD8195-DDE4-4245-9EDA-35836CAA40C5}.Release|x64.Build.0 = Release|x64
		{33FD8195-DDE4-4245-9EDA-35836CAA40C5}.Release|x86.ActiveCfg = Release|x86
		{33FD8195-DDE4-4245-9EDA-35836CAA40C5}.Release|x86.Build.0 = Release|x86
		{5528D7FB-B88B-4E9D-9BBD-B6B6B893666A}.Debug|x64.ActiveCfg = Debug|x64
		{5528D7FB-B88B-4E9D-9BBD-B6B6B893666A}.Debug|x64.Build.0 = Debug|x64
		{5528D7FB-B88B-4E9D-9BBD-B6B6B893666A}.Debug|x86.ActiveCfg = Debug|x86
		{5528D7FB-B88B-4E9D-9BBD-B6B6B893666A}.Debug|x86.Build.0 = Debug|x86
		{5528D7FB-B88B-4E9D-9BBD-B6B6B893666A}.Release|x64.ActiveCfg = Release|x64
		{5528D7FB-B88B-4E9D-9BBD-B6B6B893666A}.Release|x64.Build.0 = Release|x64
		{5528D7FB-B88B-4E9D-9BBD-B6B6B893666A}.Release|x86.ActiveCfg = Release|x86
		{5528D7FB-B88B-4E9D-9BBD-B6B6B893666A}.Release|x86.Build.0 = Release|x86
		{EA03D76A-0A2F-4BDE-9690-92F82AF551D7}.Debug|x64.ActiveCfg = Debug|x64
		{EA03D76A-0A2F-4BDE-9690-92F82AF551D7}.Debug|x64.Build.0 = Debug|x64
		{EA03D76A-0A2F-4BDE-9690-92F82AF551D7}.Debug|x86.ActiveCfg = Debug|x86
		{EA03D76A-0A2F-4BDE-9690-92F82AF551D7}.Debug|x86.Build.0 = Debug|x86
		{EA03D76A-0A2F-4BDE-9690-92F82AF551D7}.Release|x64.ActiveCfg = Release|x64
		{EA03D76A-0A2F-4BDE-9690-92F82AF551D7}.Release|x64.Build.0 = Release|x64
		{EA03D76A-0A2F-4BDE-9690-92F82AF551D7}.Release|x86.ActiveCfg = Release|x86
		{EA03D76A-0A2F-4BDE-9690-92F82AF551D7}.Release|x86.Build.0 = Release|x86
		{EA3A9AB0-6AFD-456D-BB58-F50E5C8001DD}.Debug|x64.ActiveCfg = Debug|x64
		{EA3A9AB0-6AFD-456D-BB58-F50E5C8001DD}.Debug|x64.Build.0 = Debug|x64
		{EA3A9AB0-6AFD-456D-BB58-F50E5C8001DD}.Debug|x86.ActiveCfg = Debug|x86
		{EA3A9AB0-6AFD-456D-BB58-F50E5C8001DD}.Debug|x86.Build.0 = Debug|x86
		{EA3A9AB0-6AFD-456D-BB58-F50E5C8001DD}.Release|x64.ActiveCfg = Release|x64
		{EA3A9AB0-6AFD-456D-BB58-F50E5C8001DD}.Release|x64.Build.0 = Release|x64
		{EA3A9AB0-6AFD-456D-BB58-F50E5C8001DD}.Release|x86.ActiveCfg = Release|x86
		{EA3A9AB0-6AFD-456D-BB58-F50E5C8001DD}.Release|x86.Build.0 = Release|x86
		{1FF580E3-D9C2-48B7-917E-53C340BF16EC}.Debug|x64.ActiveCfg = Debug|x64
		{1FF580E3-D9C2-48B7-917E-53C340BF16EC}.Debug|x64.Build.0 = Debug|x64
		{1FF580E3-D9C2-48B7-917E-53C340BF16EC}.Debug|x86.ActiveCfg = Debug|x86
		{1FF580E3-D9C2-48B7-917E-53C340BF16EC}.Debug|x86.Build.0 = Debug|x86
		{1FF580E3-D9C2-48B7-917E-53C340BF16EC}.Release|x64.ActiveCfg = Release|x64
		{1FF580E3-D9C2-48B7-917E-53C340BF16EC}.Release|x64.Build.0 = Release|x64
		{1FF580E3-D9C2-48B7-917E-53C340BF16EC}.Release|x86.ActiveCfg = Release|x86
		{1FF580E3-D9C2-48B7-917E-53C340BF16EC}.Release|x86.Build.0 = Release|x86
		{1611C59B-1C1E-4F7C-A1CC-7F263DD31188}.Debug|x64.ActiveCfg = Debug|x64
		{1611C59B-1C1E-4F7C-A1CC-7F263DD31188}.Debug|x64.Build.0 = Debug|x64
		{1611C59B-1C1E-4F7C-A1CC-7F263DD31188}.Debug|x86.ActiveCfg = Debug|x86
		{1611C59B-1C1E-4F7C-A1CC-7F263DD31188}.Debug|x86.Build.0 = Debug|x86
		{1611C59B-1C1E-4F7C-A1CC-7F263DD31188}.Release|x64.ActiveCfg = Release|x64
		{1611C59B-1C1E-4F7C-A1CC-7F263DD31188}.Release|x64.Build.0 = Release|x64
		{1611C59B-1C1E-4F7C-A1CC-7F263DD31188}.Release|x86.ActiveCfg = Release|x86
		{1611C59B-1C1E-4F7C-A1CC-7F263DD31188}.Release|x86.Build.0 = Release|x86
		{1B621CE5-6424-459D-8044-E7CC3CC5A9F2}.Debug|x64.ActiveCfg = Debug|x64
		{1B621CE5-6424-459D-8044-E7CC3CC5A9F2}.Debug|x64.Build.0 = Debug|x64
		{1B621CE5-6424-459D-8044-E7CC3CC5A9F2}.Debug|x86.ActiveCfg = Debug|x86
		{1B621CE5-6424-459D-8044-E7CC3CC5A9F2}.Debug|x86.Build.0 = Debug|x86
		{1B621CE5-6424-459D-8044-E7CC3CC5A9F2}.Release|x64.ActiveCfg = Release|x64
		{1B621CE5-6424-459D-8044-E7CC3CC5A9F2}.Release|x64.Build.0 = Release|x64
		{1B621CE5-6424-459D-8044-E7CC3CC5A9F2}.Release|x86.ActiveCfg = Release|x86
		{1B621CE5-6424-459D-8044-E7CC3CC5A9F2}.Release|x86.Build.0 = Release|x86
		{D05762CE-79E2-4647-8AEB-BF3A0DF912EE}.Debug|x64.ActiveCfg = Debug|x64
		{D05762CE-79E2-4647-8AEB-BF3A0DF912EE}.Debug|x64.Build.0 = Debug|x64
		{D05762CE-79E2-4647-8AEB-BF3A0DF912EE}.Debug|x86.ActiveCfg = Debug|x86
		{D05762CE-79E2-4647-8AEB-BF3A0DF912EE}.Debug|x86.Build.0 = Debug|x86
		{D05762CE-79E2-4647-8AEB-BF3A0DF912EE}.Release|x64.ActiveCfg = Release|x64
		{D05762CE-79E2-4647-8AEB-BF3A0DF912EE}.Release|x64.Build.0 = Release|x64
		{D05762CE-79E2-4647-8AEB-BF3A0DF912EE}.Release|x86.ActiveCfg = Release|x86
		{D05762CE-79E2-4647-8AEB-BF3A0DF912EE}.Release|x86.Build.0 = Release|x86
		{E88EC1DD-47DA-4EFF-A3C1-42E7A58E21AC}.Debug|x64.ActiveCfg = Debug|x64
		{E88EC1DD-47DA-4EFF-A3C1-42E7A58E21AC}.Debug|x64.Build.0 = Debug|x64
		{E88EC1DD-47DA-4EFF-A3C1-42E7A58E21AC}.Debug|x86.ActiveCfg = Debug|x86
		{E88EC1DD-47DA-4EFF-A3C1-42E7A58E21AC}.Debug|x86.Build.0 = Debug|x86
		{E88EC1DD-47DA-4EFF-A3C1-42E7A58E21AC}.Release|x64.ActiveCfg = Release|x64
		{E88EC1DD-47DA-4EFF-A3C1-42E7A58E21AC}.Release|x64.Build.0 = Release|x64
		{E88EC1DD-47DA-4EFF-A3C1-42E7A58E21AC}.Release|x86.ActiveCfg = Release|x86
		{E88EC1DD-47DA-4EFF-A3C1-42E7A58E21AC}.Release|x86.Build.0 = Release|x86
		{8680340C-9BBD-4E47-BFCE-5AE0EA93943B}.Debug|x64.ActiveCfg = Debug|x64
		{8680340C-9BBD-4E47-BFCE-5AE0EA93943B}.Debug|x64.Build.0 = Debug|x64
		{8680340C-9BBD-4E47-BFCE-5AE0EA93943B}.Debug|x86.ActiveCfg = Debug|x86
		{8680340C-9BBD-4E47-BFCE-5AE0EA93943B}.Debug|x86.Build.0 = Debug|x86
		{8680340C-9BBD-4E47-BFCE-5AE0EA93943B}.Release|x64.ActiveCfg = Release|x64
		{8680340C-9BBD-4E47-BFCE-5AE0EA93943B}.Release|x64.Build.0 = Release|x64
		{8680340C-9BBD-4E47-BFCE-5AE0EA93943B}.Release|x86.ActiveCfg = Release|x86
		{8680340C-9BBD-4E47-BFCE-5AE0EA93943B}.Release|x86.Build.0 = Release|x86
		{0198C4D0-CEFE-4E45-9C31-2478BEFCA680}.Debug|x64.ActiveCfg = Debug|x64
		{0198C4D0-CEFE-4E45-9C31-2478BEFCA680}.Debug|x64.Build.0 = Debug|x64
		{0198C4D0-CEFE-4E45-9C31-2478BEFCA680}.Debug|x86.ActiveCfg = Debug|x86
		{0198C4D0-CEFE-4E45-9C31-2478BEFCA680}.Debug|x86.Build.0 = Debug|x86
		{0198C4D0-CEFE-4E45-9C31-2478BEFCA680}.Release|x64.ActiveCfg = Release|x64
		{0198C4D0-CEFE-4E45-9C31-2478BEFCA680}.Release|x64.Build.0 = Release|x64
		{0198C4D0-CEFE-4E45-9C31-2478BEFCA680}.Release|x86.ActiveCfg = Release|x86
		{0198C4D0-CEFE-4E45-9C31-2478BEFCA680}.Release|x86.Build.0 = Release|x86
		{B30C2321-BBC4-41C3-BB4F-BEB237355B05}.Debug|x64.ActiveCfg = Debug|x64
		{B30C2321-BBC4-41C3-BB4F-BEB237355B05}.Debug|x64.Build.0 = Debug|x64
		{B30C2321-BBC4-41C3-BB4F-BEB237355B05}.Debug|x86.ActiveCfg = Debug|x86
		{B30C2321-BBC4-41C3-BB4F-BEB237355B05}.Debug|x86.Build.0 = Debug|x86
		{B30C2321-BBC4-41C3-BB4F-BEB237355B05}.Release|x64.ActiveCfg = Release|x64
		{B30C2321-BBC4-41C3-BB4F-BEB237355B05}.Release|x64.Build.0 = Release|x64
		{B30C2321-BBC4-41C3-BB4F-BEB237355B05}.Release|x86.ActiveCfg = Release|x86
		{B30C2321-BBC4-41C3-BB4F-BEB237355B05}.Release|x86.Build.0 = Release|x86
		{8F658841-D5BD-4A2D-AC9C-7BC139669D00}.Debug|x64.ActiveCfg = Debug|x64
		{8F658841-D5BD-4A2D-AC9C-7BC139669D00}.Debug|x64.Build.0 = Debug|x64
		{8F658841-D5BD-4A2D-AC9C-7BC139669D00}.Debug|x86.ActiveCfg = Debug|x86
		{8F658841-D5BD-4A2D-AC9C-7BC139669D00}.Debug|x86.Build.0 = Debug|x86
		{8F658841-D5BD-4A2D-AC9C-7BC139669D00}.Release|x64.ActiveCfg = Release|x64
		{8F658841-D5BD-4A2D-AC9C-7BC139669D00}.Release|x64.Build.0 = Release|x64
		{8F658841-D5BD-4A2D-AC9C-7BC139669D00}.Release|x86.ActiveCfg = Release|x86
		{8F658841-D5BD-4A2D-AC9C-7BC139669D00}.Release|x86.Build.0 = Release|x86
		{D9FEE2DE-881C-494F-9135-1D8266274BA8}.Debug|x64.ActiveCfg = Debug|x64
		{D9FEE2DE-881C-494F-9135-1D8266274BA8}.Debug|x64.Build.0 = Debug|x64
		{D9FEE2DE-881C-494F-9135-1D8266274BA8}.Debug|x86.ActiveCfg = Debug|x86
		{D9FEE2DE-881C-494F-9135-1D8266274BA8}.Debug|x86.Build.0 = Debug|x86
		{D9FEE2DE-881C-494F-9135-1D8266274BA8}.Release|x64.ActiveCfg = Release|x64
		{D9FEE2DE-881C-494F-9135-1D8266274BA8}.Release|x64.Build.0 = Release|x64
		{D9FEE2DE-881C-494F-9135-1D8266274BA8}.Release|x86.ActiveCfg = Release|x86
		{D9FEE2DE-881C-494F-9135-1D8266274BA8}.Release|x86.Build.0 = Release|x86
		{8CCD9A35-3D14-4A13-AD60-57132F43E9C4}.Debug|x64.ActiveCfg = Debug|x64
		{8CCD9A35-3D14-4A13-AD60-57132F43E9C4}.Debug|x64.Build.0 = Debug|x64
		{8CCD9A35-3D14-4A13-AD60-57132F43E9C4}.Debug|x86.ActiveCfg = Debug|x86
		{8CCD9A35-3D14-4A13-AD60-57132F43E9C4}.Debug|x86.Build.0 = Debug|x86
		{8CCD9A35-3D14-4A13-AD60-57132F43E9C4}.Release|x64.ActiveCfg = Release|x64
		{8CCD9A35-3D14-4A13-AD60-57132F43E9C4}.Release|x64.Build.0 = Release|x64
		{8CCD9A35-3D14-4A13-AD60-57132F43E9C4}.Release|x86.ActiveCfg = Release|x86
		{8CCD9A35-3D14-4A13-AD60-57132F43E9C4}.Release|x86.Build.0 = Release|x86
		{87FB8B17-FE8E-4F2A-B159-9498CD207CA3}.Debug|x64.ActiveCfg = Debug|x64
		{87FB8B17-FE8E-4F2A-B159-9498CD207CA3}.Debug|x64.Build.0 = Debug|x64
		{87FB8B17-FE8E-4F2A-B159-9498CD207CA3}.Debug|x86.ActiveCfg = Debug|x86
		{87FB8B17-FE8E-4F2A-B159-9498CD207CA3}.Debug|x86.Build.0 = Debug|x86
		{87FB8B17-FE8E-4F2A-B159-9498CD207CA3}.Release|x64.ActiveCfg = Release|x64
		{87FB8B17-FE8E-4F2A-B159-9498CD207CA3}.Release|x64.Build.0 = Release|x64
		{87FB8B17-FE8E-4F2A-B159-9498CD207CA3}.Release|x86.ActiveCfg = Release|x86
		{87FB8B17-FE8E-4F2A-B159-9498CD207CA3}.Release|x86.Build.0 = Release|x86
		{6B0F812F-58C1-4840-8195-A71BC2CD9A4B}.Debug|x64.ActiveCfg = Debug|x64
		{6B0F812F-58C1-4840-8195-A71BC2CD9A4B}.Debug|x64.Build.0 = Debug|x64
		{6B0F812F-58C1-4840-8195-A71BC2CD9A4B}.Debug|x86.ActiveCfg = Debug|x86
		{6B0F812F-58C1-4840-8195-A71BC2CD9A4B}.Debug|x86.Build.0 = Debug|x86
		{6B0F812F-58C1-4840-8195-A71BC2CD9A4B}.Release|x64.ActiveCfg = Release|x64
		{6B0F812F-58C1-4840-8195-A71BC2CD9A4B}.Release|x64.Build.0 = Release|x64
		{6B0F812F-58C1-4840-8195-A71BC2CD9A4B}.Release|x86.ActiveCfg = Release|x86
		{6B0F812F-58C1-4840-8195-A71BC2CD9A4B}.Release|x86.Build.0 = Release|x86
		{9670B5A5-3D99-4B0B-965D-3037DC1C3983}.Debug|x64.ActiveCfg = Debug|x64
		{9670B5A5-3D99-4B0B-965D-3037DC1C3983}.Debug|x64.Build.0 = Debug|x64
		{9670B5A5-3D99-4B0B-965D-3037DC1C3983}.Debug|x86.ActiveCfg = Debug|x86
		{9670B5A5-3D99-4B0B-965D-3037DC1C3983}.Debug|x86.Build.0 = Debug|x86
		{9670B5A5-3D99-4B0B-965D-3037DC1C3983}.Release|x64.ActiveCfg = Release|x64
		{9670B5A5-3D99-4B0B-965D-3037DC1C3983}.Release|x64.Build.0 = Release|x64
		{9670B5A5-3D99-4B0B-965D-3037DC1C3983}.Release|x86.ActiveCfg = Release|x86
		{9670B5A5-3D99-4B0B-965D-3037DC1C3983}.Release|x86.Build.0 = Release|x86
		{9A8032FB-1A94-4E6A-9A2D-CE4AA8C39CC3}.Debug|x64.ActiveCfg = Debug|x64
		{9A8032FB-1A94-4E6A-9A2D-CE4AA8C39CC3}.Debug|x64.Build.0 = Debug|x64
		{9A8032FB-1A94-4E6A-9A2D-CE4AA8C39CC3}.Debug|x86.ActiveCfg = Debug|x86
		{9A8032FB-1A94-4E6A-9A2D-CE4AA8C39CC3}.Debug|x86.Build.0 = Debug|x86
		{9A8032FB-1A94-4E6A-9A2D-CE4AA8C39CC3}.Release|x64.ActiveCfg = Release|x64
		{9A8032FB-1A94-4E6A-9A2D-CE4AA8C39CC3}.Release|x64.Build.0 = Release|x64
		{9A8032FB-1A94-4E6A-9A2D-CE4AA8C39CC3}.Release|x86.ActiveCfg = Release|x86
		{9A8032FB-1A94-4E6A-9A2D-CE4AA8C39CC3}.Release|x86.Build.0 = Release|x86
		{E0EC09B0-A0E2-4D28-B98B-F7B218784123}.Debug|x64.ActiveCfg = Debug|x64
		{E0EC09B0-A0E2-4D28-B98B-F7B218784123}.Debug|x64.Build.0 = Debug|x64
		{E0EC09B0-A0E2-4D28-B98B-F7B218784123}.Debug|x86.ActiveCfg = Debug|x86
		{E0EC09B0-A0E2-4D28-B98B-F7B218784123}.Debug|x86.Build.0 = Debug|x86
		{E0EC09B0-A0E2-4D28-B98B-F7B218784123}.Release|x64.ActiveCfg = Release|x64
		{E0EC09B0-A0E2-4D28-B98B-F7B218784123}.Release|x64.Build.0 = Release|x64
		{E0EC09B0-A0E2-4D28-B98B-F7B218784123}.Release|x86.ActiveCfg = Release|x86
		{E0EC09B0-A0E2-4D28-B98B-F7B218784123}.Release|x86.Build.0 = Release|x86
		{6B3E1D9D-830A-4D28-9AD7-E95CF46218B0}.Debug|x64.ActiveCfg = Debug|x64
		{6B3E1D9D-830A-4D28-9AD7-E95CF46218B0}.Debug|x64.Build.0 = Debug|x64
		{6B3E1D9D-830A-4D28-9AD7-E95CF46218B0}.Debug|x86.ActiveCfg = Debug|x86
		{6B3E1D9D-830A-4D28-9AD7-E95CF46218B0}.Debug|x86.Build.0 = Debug|x86
		{6B3E1D9D-830A-4D28-9AD7-E95CF46218B0}.Release|x64.ActiveCfg = Release|x64
		{6B3E1D9D-830A-4D28-9AD7-E95CF46218B0}.Release|x64.Build.0 = Release|x64
		{6B3E1D9D-830A-4D28-9AD7-E95CF46218B0}.Release|x86.ActiveCfg = Release|x86
		{6B3E1D9D-830A-4D28-9AD7-E95CF46218B0}.Release|x86.Build.0 = Release|x86
		{A63CA76D-B2B3-42F7-A6C3-78E980B4C629}.Debug|x64.ActiveCfg = Debug|x64
		{A63CA76D-B2B3-42F7-A6C3-78E980B4C629}.Debug|x64.Build.0 = Debug|x64
		{A63CA76D-B2B3-42F7-A6C3-78E980B4C629}.Debug|x86.ActiveCfg = Debug|x86
		{A63CA76D-B2B3-42F7-A6C3-78E980B4C629}.Debug|x86.Build.0 = Debug|x86
		{A63CA76D-B2B3-42F7-A6C3-78E980B4C629}.Release|x64.ActiveCfg = Release|x64
		{A63CA76D-B2B3-42F7-A6C3-78E980B4C629}.Release|x64.Build.0 = Release|x64
		{A63CA76D-B2B3-42F7-A6C3-78E980B4C629}.Release|x86.ActiveCfg = Release|x86
		{A63CA76D-B2B3-42F7-A6C3-78E980B4C629}.Release|x86.Build.0 = Release|x86
		{D4F8CABC-167C-4CDA-9516-C0E18B4ACF52}.Debug|x64.ActiveCfg = Debug|x64
		{D4F8CABC-167C-4CDA-9516-C0E18B4ACF52}.Debug|x64.Build.0 = Debug|x64
		{D4F8CABC-167C-4CDA-9516-C0E18B4ACF52}.Debug|x86.ActiveCfg = Debug|x86
		{D4F8CABC-167C-4CDA-9516-C0E18B4ACF52}.Debug|x86.Build.0 = Debug|x86
		{D4F8CABC-167C-4CDA-9516-C0E18B4ACF52}.Release|x64.ActiveCfg = Release|x64
		{D4F8CABC-167C-4CDA-9516-C0E18B4ACF52}.Release|x64.Build.0 = Release|x64
		{D4F8CABC-167C-4CDA-9516-C0E18B4ACF52}.Release|x86.ActiveCfg = Release|x86
		{D4F8CABC-167C-4CDA-9516-C0E18B4ACF52}.Release|x86.Build.0 = Release|x86
		{30C27905-201D-4EA9-B714-8360DD24E74A}.Debug|x64.ActiveCfg = Debug|x64
		{30C27905-201D-4EA9-B714-8360DD24E74A}.Debug|x64.Build.0 = Debug|x64
		{30C27905-201D-4EA9-B714-8360DD24E74A}.Debug|x86.ActiveCfg = Debug|x86
		{30C27905-201D-4EA9-B714-8360DD24E74A}.Debug|x86.Build.0 = Debug|x86
		{30C27905-201D-4EA9-B714-8360DD24E74A}.Release|x64.ActiveCfg = Release|x64
		{30C27905-201D-4EA9-B714-8360DD24E74A}.Release|x64.Build.0 = Release|x64
		{30C27905-201D-4EA9-B714-8360DD24E74A}.Release|x86.ActiveCfg = Release|x86
		{30C27905-201D-4EA9-B714-8360DD24E74A}.Release|x86.Build.0 = Release|x86
		{C4044803-195B-43DE-93BC-9891695348FE}.Debug|x64.ActiveCfg = Debug|x64
		{C4044803-195B-43DE-93BC-9891695348FE}.Debug|x64.Build.0 = Debug|x64
		{C4044803-195B-43DE-93BC-9891695348FE}.Debug|x86.ActiveCfg = Debug|x86
		{C4044803-195B-43DE-93BC-9891695348FE}.Debug|x86.Build.0 = Debug|x86
		{C4044803-195B-43DE-93BC-9891695348FE}.Release|x64.ActiveCfg = Release|x64
		{C4044803-195B-43DE-93BC-9891695348FE}.Release|x64.Build.0 = Release|x64
		{C4044803-195B-43DE-93BC-9891695348FE}.Release|x86.ActiveCfg = Release|x86
		{C4044803-195B-43DE-93BC-9891695348FE}.Release|x86.Build.0 = Release|x86
		{D7F88717-5E46-49E8-9E82-62D31FE1ECB8}.Debug|x64.ActiveCfg = Debug|x64
		{D7F88717-5E46-49E8-9E82-62D31FE1ECB8}.Debug|x64.Build.0 = Debug|x64
		{D7F88717-5E46-49E8-9E82-62D31FE1ECB8}.Debug|x86.ActiveCfg = Debug|x86
		{D7F88717-5E46-49E8-9E82-62D31FE1ECB8}.Debug|x86.Build.0 = Debug|x86
		{D7F88717-5E46-49E8-9E82-62D31FE1ECB8}.Release|x64.ActiveCfg = Release|x64
		{D7F88717-5E46-49E8-9E82-62D31FE1ECB8}.Release|x64.Build.0 = Release|x64
		{D7F88717-5E46-49E8-9E82-62D31FE1ECB8}.Release|x86.ActiveCfg = Release|x86
		{D7F88717-5E46-49E8-9E82-62D31FE1ECB8}.Release|x86.Build.0 = Release|x86
		{95BACE9A-CCD5-4B08-A902-3CD930F72088}.Debug|x64.ActiveCfg = Debug|x64
		{95BACE9A-CCD5-4B08-A902-3CD930F72088}.Debug|x64.Build.0 = Debug|x64
		{95BACE9A-CCD5-4B08-A902-3CD930F72088}.Debug|x86.ActiveCfg = Debug|x86
		{95BACE9A-CCD5-4B08-A902-3CD930F72088}.Debug|x86.Build.0 = Debug|x86
		{95BACE9A-CCD5-4B08-A902-3CD930F72088}.Release|x64.ActiveCfg = Release|x64
		{95BACE9A-CCD5-4B08-A902-3CD930F72088}.Release|x64.Build.0 = Release|x64
		{95BACE9A-CCD5-4B08-A902-3CD930F72088}.Release|x86.ActiveCfg = Release|x86
		{95BACE9A-CCD5-4B08-A902-3CD930F72088}.Release|x86.Build.0 = Release|x86
		{C06BCCCA-01DB-4E59-8BA5-6941AE345A92}.Debug|x64.ActiveCfg = Debug|x64
		{C06BCCCA-01DB-4E59-8BA5-6941AE345A92}.Debug|x64.Build.0 = Debug|x64
		{C06BCCCA-01DB-4E59-8BA5-6941AE345A92}.Debug|x86.ActiveCfg = Debug|x86
		{C06BCCCA-01DB-4E59-8BA5-6941AE345A92}.Debug|x86.Build.0 = Debug|x86
		{C06BCCCA-01DB-4E59-8BA5-6941AE345A92}.Release|x64.ActiveCfg = Release|x64
		{C06BCCCA-01DB-4E59-8BA5-6941AE345A92}.Release|x64.Build.0 = Release|x64
		{C06BCCCA-01DB-4E59-8BA5-6941AE345A92}.Release|x86.ActiveCfg = Release|x86
		{C06BCCCA-01DB-4E59-8BA5-6941AE345A92}.Release|x86.Build.0 = Release|x86
		{260D9F6E-08BA-4A20-BD4C-FE3E208307EC}.Debug|x64.ActiveCfg = Debug|x64
		{260D9F6E-08BA-4A20-BD4C-FE3E208307EC}.Debug|x64.Build.0 = Debug|x64
		{260D9F6E-08BA-4A20-BD4C-FE3E208307EC}.Debug|x86.ActiveCfg = Debug|x86
		{260D9F6E-08BA-4A20-BD4C-FE3E208307EC}.Debug|x86.Build.0 = Debug|x86
		{260D9F6E-08BA-4A20-BD4C-FE3E208307EC}.Release|x64.ActiveCfg = Release|x64
		{260D9F6E-08BA-4A20-BD4C-FE3E208307EC}.Release|x64.Build.0 = Release|x64
		{260D9F6E-08BA-4A20-BD4C-FE3E208307EC}.Release|x86.ActiveCfg = Release|x86
		{260D9F6E-08BA-4A20-BD4C-FE3E208307EC}.Release|x86.Build.0 = Release|x86
		{11917EE0-79F6-469B-ABD2-9FB078FE083E}.Debug|x64.ActiveCfg = Debug|x64
		{11917EE0-79F6-469B-ABD2-9FB078FE083E}.Debug|x64.Build.0 = Debug|x64
		{11917EE0-79F6-469B-ABD2-9FB078FE083E}.Debug|x86.ActiveCfg = Debug|x86
		{11917EE0-79F6-469B-ABD2-9FB078FE083E}.Debug|x86.Build.0 = Debug|x86
		{11917EE0-79F6-469B-ABD2-9FB078FE083E}.Release|x64.ActiveCfg = Release|x64
		{11917EE0-79F6-469B-ABD2-9FB078FE083E}.Release|x64.Build.0 = Release|x64
		{11917EE0-79F6-469B-ABD2-9FB078FE083E}.Release|x86.ActiveCfg = Release|x86
		{11917EE0-79F6-469B-ABD2-9FB078FE083E}.Release|x86.Build.0 = Release|x86
		{78A87EAF-E342-4318-AB26-D44015633243}.Debug|x64.ActiveCfg = Debug|x64
		{78A87EAF-E342-4318-AB26-D44015633243}.Debug|x64.Build.0 = Debug|x64
		{78A87EAF-E342-4318-AB26-D44015633243}.Debug|x86.ActiveCfg = Debug|x86
		{78A87EAF-E342-4318-AB26-D44015633243}.Debug|x86.Build.0 = Debug|x86
		{78A87EAF-E342-4318-AB26-D44015633243}.Release|x64.ActiveCfg = Release|x64
		{78A87EAF-E342-4318-AB26-D44015633243}.Release|x64.Build.0 = Release|x64
		{78A87EAF-E342-4318-AB26-D44015633243}.Release|x86.ActiveCfg = Release|x86
		{78A87EAF-E342-4318-AB26-D44015633243}.Release|x86.Build.0 = Release|x86
		{9190559B-FB22-4E74-9130-5BFD3FFD6DAE}.Debug|x64.ActiveCfg = Debug|x64
		{9190559B-FB22-4E74-9130-5BFD3FFD6DAE}.Debug|x64.Build.0 = Debug|x64
		{9190559B-FB22-4E74-9130-5BFD3FFD6DAE}.Debug|x86.ActiveCfg = Debug|x86
		{9190559B-FB22-4E74-9130-5BFD3FFD6DAE}.Debug|x86.Build.0 = Debug|x86
		{9190559B-FB22-4E74-9130-5BFD3FFD6DAE}.Release|x64.ActiveCfg = Release|x64
		{9190559B-FB22-4E74-9130-5BFD3FFD6DAE}.Release|x64.Build.0 = Release|x64
		{9190559B-FB22-4E74-9130-5BFD3FFD6DAE}.Release|x86.ActiveCfg = Release|x86
		{9190559B-FB22-4E74-9130-5BFD3FFD6DAE}.Release|x86.Build.0 = Release|x86
		{BE12E205-8416-44C4-88E8-C6C3B2DE313A}.Debug|x64.ActiveCfg = Debug|x64
		{BE12E205-8416-44C4-88E8-C6C3B2DE313A}.Debug|x64.Build.0 = Debug|x64
		{BE12E205-8416-44C4-88E8-C6C3B2DE313A}.Debug|x86.ActiveCfg = Debug|x86
		{BE12E205-8416-44C4-88E8-C6C3B2DE313A}.Debug|x86.Build.0 = Debug|x86
		{BE12E205-8416-44C4-88E8-C6C3B2DE313A}.Release|x64.ActiveCfg = Release|x64
		{BE12E205-8416-44C4-88E8-C6C3B2DE313A}.Release|x64.Build.0 = Release|x64
		{BE12E205-8416-44C4-88E8-C6C3B2DE313A}.Release|x86.ActiveCfg = Release|x86
		{BE12E205-8416-44C4-88E8-C6C3B2DE313A}.Release|x86.Build.0 = Release|x86
		{81FC6400-8C3C-4BE5-80A0-EE4A76973684}.Debug|x64.ActiveCfg = Debug|x64
		{81FC6400-8C3C-4BE5-80A0-EE4A76973684}.Debug|x64.Build.0 = Debug|x64
		{81FC6400-8C3C-4BE5-80A0-EE4A76973684}.Debug|x86.ActiveCfg = Debug|x86
		{81FC6400-8C3C-4BE5-80A0-EE4A76973684}.Debug|x86.Build.0 = Debug|x86
		{81FC6400-8C3C-4BE5-80A0-EE4A76973684}.Release|x64.ActiveCfg = Release|x64
		{81FC6400-8C3C-4BE5-80A0-EE4A76973684}.Release|x64.Build.0 = Release|x64
		{81FC6400-8C3C-4BE5-80A0-EE4A76973684}.Release|x86.ActiveCfg = Release|x86
		{81FC6400-8C3C-4BE5-80A0-EE4A76973684}.Release|x86.Build.0 = Release|x86
		{F1F9A9A7-047F-4ED6-83F0-6804C6CBB327}.Debug|x64.ActiveCfg = Debug|x64
		{F1F9A9A7-047F-4ED6-83F0-6804C6CBB327}.Debug|x64.Build.0 = Debug|x64
		{F1F9A9A7-047F-4ED6-83F0-6804C6CBB327}.Debug|x86.ActiveCfg = Debug|x86
		{F1F9A9A7-047F-4ED6-83F0-6804C6CBB327}.Debug|x86.Build.0 = Debug|x86
		{F1F9A9A7-047F-4ED6-83F0-6804C6CBB327}.Release|x64.ActiveCfg = Release|x64
		{F1F9A9A7-047F-4ED6-83F0-6804C6CBB327}.Release|x64.Build.0 = Release|x64
		{F1F9A9A7-047F-4ED6-83F0-6804C6CBB327}.Release|x86.ActiveCfg = Release|x86
		{F1F9A9A7-047F-4ED6-83F0-6804C6CBB327}.Release|x86.Build.0 = Release|x86
		{D7602741-2E90-4DA1-BD26-3903672DC71E}.Debug|x64.ActiveCfg = Debug|x64
		{D7602741-2E90-4DA1-BD26-3903672DC71E}.Debug|x64.Build.0 = Debug|x64
		{D7602741-2E90-4DA1-BD26-3903672DC71E}.Debug|x86.ActiveCfg = Debug|x86
		{D7602741-2E90-4DA1-BD26-3903672DC71E}.Debug|x86.Build.0 = Debug|x86
		{D7602741-2E90-4DA1-BD26-3903672DC71E}.Release|x64.ActiveCfg = Release|x64
		{D7602741-2E90-4DA1-BD26-3903672DC71E}.Release|x64.Build.0 = Release|x64
		{D7602741-2E90-4DA1-BD26-3903672DC71E}.Release|x86.ActiveCfg = Release|x86
		{D7602741-2E90-4DA1-BD26-3903672DC71E}.Release|x86.Build.0 = Release|x86
		{4598EF65-0986-42DF-87F6-801FC44E7711}.Debug|x64.ActiveCfg = Debug|x64
		{4598EF65-0986-42DF-87F6-801FC44E7711}.Debug|x64.Build.0 = Debug|x64
		{4598EF65-0986-42DF-87F6-801FC44E7711}.Debug|x86.ActiveCfg = Debug|x86
		{4598EF65-0986-42DF-87F6-801FC44E7711}.Debug|x86.Build.0 = Debug|x86
		{4598EF65-0986-42DF-87F6-801FC44E7711}.Release|x64.ActiveCfg = Release|x64
		{4598EF65-0986-42DF-87F6-801FC44E7711}.Release|x64.Build.0 = Release|x64
		{4598EF65-0986-42DF-87F6-801FC44E7711}.Release|x86.ActiveCfg = Release|x86
		{4598EF65-0986-42DF-87F6-801FC44E7711}.Release|x86.Build.0 = Release|x86
		{4E11B5C7-823F-46B4-8E46-CCB2947DC2C7}.Debug|x64.ActiveCfg = Debug|x64
		{4E11B5C7-823F-46B4-8E46-CCB2947DC2C7}.Debug|x64.Build.0 = Debug|x64
		{4E11B5C7-823F-46B4-8E46-CCB2947DC2C7}.Debug|x86.ActiveCfg = Debug|x86
		{4E11B5C7-823F-46B4-8E46-CCB2947DC2C7}.Debug|x86.Build.0 = Debug|x86
		{4E11B5C7-823F-46B4-8E46-CCB2947DC2C7}.Release|x64.ActiveCfg = Release|x64
		{4E11B5C7-823F-46B4-8E46-CCB2947DC2C7}.Release|x64.Build.0 = Release|x64
		{4E11B5C7-823F-46B4-8E46-CCB2947DC2C7}.Release|x86.ActiveCfg = Release|x86
		{4E11B5C7-823F-46B4-8E46-CCB2947DC2C7}.Release|x86.Build.0 = Release|x86
		{DB9DF2A9-EC4D-4032-B9A5-16F2EE0AAC79}.Debug|x64.ActiveCfg = Debug|x64
		{DB9DF2A9-EC4D-4032-B9A5-16F2EE0AAC79}.Debug|x64.Build.0 = Debug|x64
		{DB9DF2A9-EC4D-4032-B9A5-16F2EE0AAC79}.Debug|x86.ActiveCfg = Debug|x86
		{DB9DF2A9-EC4D-4032-B9A5-16F2EE0AAC79}.Debug|x86.Build.0 = Debug|x86
		{DB9DF2A9-EC4D-4032-B9A5-16F2EE0AAC79}.Release|x64.ActiveCfg = Release|x64
		{DB9DF2A9-EC4D-4032-B9A5-16F2EE0AAC79}.Release|x64.Build.0 = Release|x64
		{DB9DF2A9-EC4D-4032-B9A5-16F2EE0AAC79}.Release|x86.ActiveCfg = Release|x86
		{DB9DF2A9-EC4D-4032-B9A5-16F2EE0AAC79}.Release|x86.Build.0 = Release|x86
		{E3617D29-E193-46A6-B085-DB14448F24CF}.Debug|x64.ActiveCfg = Debug|x64
		{E3617D29-E193-46A6-B085-DB14448F24CF}.Debug|x64.Build.0 = Debug|x64
		{E3617D29-E193-46A6-B085-DB14448F24CF}.Debug|x86.ActiveCfg = Debug|x86
		{E3617D29-E193-46A6-B085-DB14448F24CF}.Debug|x86.Build.0 = Debug|x86
		{E3617D29-E193-46A6-B085-DB14448F24CF}.Release|x64.ActiveCfg = Release|x64
		{E3617D29-E193-46A6-B085-DB14448F24CF}.Release|x64.Build.0 = Release|x64
		{E3617D29-E193-46A6-B085-DB14448F24CF}.Release|x86.ActiveCfg = Release|x86
		{E3617D29-E193-46A6-B085-DB14448F24CF}.Release|x86.Build.0 = Release|x86
		{506DA070-E9AC-401B-AEC9-B413FF50164E}.Debug|x64.ActiveCfg = Debug|x64
		{506DA070-E9AC-401B-AEC9-B413FF50164E}.Debug|x64.Build.0 = Debug|x64
		{506DA070-E9AC-401B-AEC9-B413FF50164E}.Debug|x86.ActiveCfg = Debug|x86
		{506DA070-E9AC-401B-AEC9-B413FF50164E}.Debug|x86.Build.0 = Debug|x86
		{506DA070-E9AC-401B-AEC9-B413FF50164E}.Release|x64.ActiveCfg = Release|x64
		{506DA070-E9AC-401B-AEC9-B413FF50164E}.Release|x64.Build.0 = Release|x64
		{506DA070-E9AC-401B-AEC9-B413FF50164E}.Release|x86.ActiveCfg = Release|x86
		{506DA070-E9AC-401B-AEC9-B413FF50164E}.Release|x86.Build.0 = Release|x86
		{8083DC25-5ED0-4BE3-9926-E1BA2242EB8B}.Debug|x64.ActiveCfg = Debug|x64
		{8083DC25-5ED0-4BE3-9926-E1BA2242EB8B}.Debug|x64.Build.0 = Debug|x64
		{8083DC25-5ED0-4BE3-9926-E1BA2242EB8B}.Debug|x86.ActiveCfg = Debug|x86
		{8083DC25-5ED0-4BE3-9926-E1BA2242EB8B}.Debug|x86.Build.0 = Debug|x86
		{8083DC25-5ED0-4BE3-9926-E1BA2242EB8B}.Release|x64.ActiveCfg = Release|x64
		{8083DC25-5ED0-4BE3-9926-E1BA2242EB8B}.Release|x64.Build.0 = Release|x64
		{8083DC25-5ED0-4BE3-9926-E1BA2242EB8B}.Release|x86.ActiveCfg = Release|x86
		{8083DC25-5ED0-4BE3-9926-E1BA2242EB8B}.Release|x86.Build.0 = Release|x86
		{58D2A34D-9078-4F13-82E3-88E3616C3A2D}.Debug|x64.ActiveCfg = Debug|x64
		{58D2A34D-9078-4F13-82E3-88E3616C3A2D}.Debug|x64.Build.0 = Debug|x64
		{58D2A34D-9078-4F13-82E3-88E3616C3A2D}.Debug|x86.ActiveCfg = Debug|x86
		{58D2A34D-9078-4F13-82E3-88E3616C3A2D}.Debug|x86.Build.0 = Debug|x86
		{58D2A34D-9078-4F13-82E3-88E3616C3A2D}.Release|x64.ActiveCfg = Release|x64
		{58D2A34D-9078-4F13-82E3-88E3616C3A2D}.Release|x64.Build.0 = Release|x64
		{58D2A34D-9078-4F13-82E3-88E3616C3A2D}.Release|x86.ActiveCfg = Release|x86
		{58D2A34D-9078-4F13-82E3-88E3616C3A2D}.Release|x86.Build.0 = Release|x86
	EndGlobalSection
	GlobalSection(SolutionProperties) = preSolution
		HideSolutionNode = FALSE
	EndGlobalSection
EndGlobal
